<?xml version="1.0" encoding="utf-8"?>
<Project ToolsVersion="4.0" xmlns="http://schemas.microsoft.com/developer/msbuild/2003">
  <ItemGroup>
    <Filter Include="Source Files">
      <UniqueIdentifier>{4FC737F1-C7A5-4376-A066-2A32D752A2FF}</UniqueIdentifier>
      <Extensions>cpp;c;cc;cxx;def;odl;idl;hpj;bat;asm;asmx</Extensions>
    </Filter>
    <Filter Include="Header Files">
      <UniqueIdentifier>{93995380-89BD-4b04-88EB-625FBE52EBFB}</UniqueIdentifier>
      <Extensions>h;hpp;hxx;hm;inl;inc;xsd</Extensions>
    </Filter>
    <Filter Include="Resource Files">
      <UniqueIdentifier>{67DA6AB6-F800-4c08-8B7A-83BB121AAD01}</UniqueIdentifier>
      <Extensions>rc;ico;cur;bmp;dlg;rc2;rct;bin;rgs;gif;jpg;jpeg;jpe;resx;tiff;tif;png;wav;mfcribbon-ms</Extensions>
    </Filter>
  </ItemGroup>
  <ItemGroup>
    <ClCompile Include="CloudberryKingdom.cpp">
      <Filter>Source Files</Filter>
    </ClCompile>
    <ClCompile Include="Game\CloudberryKingdom\CloudberryKingdom.CloudberryKingdomGame.cpp">
      <Filter>Source Files</Filter>
    </ClCompile>
    <ClCompile Include="Game\Collision Detection\AABox.cpp">
      <Filter>Source Files</Filter>
    </ClCompile>
    <ClCompile Include="Game\Collision Detection\Circle.cpp">
      <Filter>Source Files</Filter>
    </ClCompile>
    <ClCompile Include="Game\Collision Detection\FloatRectangle.cpp">
      <Filter>Source Files</Filter>
    </ClCompile>
    <ClCompile Include="Game\Collision Detection\Line.cpp">
      <Filter>Source Files</Filter>
    </ClCompile>
    <ClCompile Include="Game\Collision Detection\Phsx.cpp">
      <Filter>Source Files</Filter>
    </ClCompile>
    <ClCompile Include="Game\Games\Campaign\CampaignSequence.cpp">
      <Filter>Source Files</Filter>
    </ClCompile>
    <ClCompile Include="Game\Games\Campaign\FadeIn.cpp">
      <Filter>Source Files</Filter>
    </ClCompile>
    <ClCompile Include="Game\Games\Campaign\LevelSequence.cpp">
      <Filter>Source Files</Filter>
    </ClCompile>
    <ClCompile Include="Game\Games\Meta Games\Arcade Games\Escalate\Escalation.cpp">
      <Filter>Source Files</Filter>
    </ClCompile>
    <ClCompile Include="Game\Games\Meta Games\Arcade Games\Escalate\Escalation_Tutorial.cpp">
      <Filter>Source Files</Filter>
    </ClCompile>
    <ClCompile Include="Game\Games\Meta Games\Arcade Games\Rush\Hero Rush\HeroRush.cpp">
      <Filter>Source Files</Filter>
    </ClCompile>
    <ClCompile Include="Game\Games\Meta Games\Arcade Games\Rush\Hero Rush\HeroRush_Tutorial.cpp">
      <Filter>Source Files</Filter>
    </ClCompile>
    <ClCompile Include="Game\Games\Meta Games\Arcade Games\Rush\Hero Rush 2\HeroRush2.cpp">
      <Filter>Source Files</Filter>
    </ClCompile>
    <ClCompile Include="Game\Games\Meta Games\Arcade Games\Rush\Hero Rush 2\HeroRush2_Tutorial.cpp">
      <Filter>Source Files</Filter>
    </ClCompile>
    <ClCompile Include="Game\Games\Meta Games\Arcade Games\Rush\Time Crisis\TimeCrisis.cpp">
      <Filter>Source Files</Filter>
    </ClCompile>
    <ClCompile Include="Game\Games\Meta Games\Arcade Games\Rush\Time Crisis\TimeCrisis_Tutorial.cpp">
      <Filter>Source Files</Filter>
    </ClCompile>
    <ClCompile Include="Game\Games\Meta Games\Arcade Games\Rush\CoinMod.cpp">
      <Filter>Source Files</Filter>
    </ClCompile>
    <ClCompile Include="Game\Games\Meta Games\Arcade Games\Rush\Rush.cpp">
      <Filter>Source Files</Filter>
    </ClCompile>
    <ClCompile Include="Game\Games\Meta Games\Arcade Games\HeroFactory_Escalation.cpp">
      <Filter>Source Files</Filter>
    </ClCompile>
    <ClCompile Include="Game\Games\Meta Games\Challenges\_Regular.cpp">
      <Filter>Source Files</Filter>
    </ClCompile>
    <ClCompile Include="Game\Games\Meta Games\Challenges\Challenge_Base.cpp">
      <Filter>Source Files</Filter>
    </ClCompile>
    <ClCompile Include="Game\Games\Meta Games\StringWorlds\LevelConnector.cpp">
      <Filter>Source Files</Filter>
    </ClCompile>
    <ClCompile Include="Game\Games\Meta Games\StringWorlds\StringWorld.cpp">
      <Filter>Source Files</Filter>
    </ClCompile>
    <ClCompile Include="Game\Games\Meta Games\StringWorlds\StringWorld_Endurance.cpp">
      <Filter>Source Files</Filter>
    </ClCompile>
    <ClCompile Include="Game\Games\Meta Games\StringWorlds\StringWorld_Timed.cpp">
      <Filter>Source Files</Filter>
    </ClCompile>
    <ClCompile Include="Game\Games\ActionGame.cpp">
      <Filter>Source Files</Filter>
    </ClCompile>
    <ClCompile Include="Game\Games\CampaignHelper.cpp">
      <Filter>Source Files</Filter>
    </ClCompile>
    <ClCompile Include="Game\Games\GameType.cpp">
      <Filter>Source Files</Filter>
    </ClCompile>
    <ClCompile Include="Game\Games\NormalGame.cpp">
      <Filter>Source Files</Filter>
    </ClCompile>
    <ClCompile Include="Game\Games\ScreenSaver.cpp">
      <Filter>Source Files</Filter>
    </ClCompile>
    <ClCompile Include="Game\Games\ToDoItem.cpp">
      <Filter>Source Files</Filter>
    </ClCompile>
    <ClCompile Include="Game\Games\TutorialHelper.cpp">
      <Filter>Source Files</Filter>
    </ClCompile>
    <ClCompile Include="Game\Level\Make\MakePiece\MakeSingle\MakeFinalDoor.cpp">
      <Filter>Source Files</Filter>
    </ClCompile>
    <ClCompile Include="Game\Level\Make\MakePiece\MakeSingle\MakeFinalDoor_Float.cpp">
      <Filter>Source Files</Filter>
    </ClCompile>
    <ClCompile Include="Game\Level\Make\MakePiece\MakeVertical\MakeDarkBottom.cpp">
      <Filter>Source Files</Filter>
    </ClCompile>
    <ClCompile Include="Game\Level\Make\MakePiece\MakeVertical\MakeFinalDoor.cpp">
      <Filter>Source Files</Filter>
    </ClCompile>
    <ClCompile Include="Game\Level\Make\MakePiece\MakeThing.cpp">
      <Filter>Source Files</Filter>
    </ClCompile>
    <ClCompile Include="Game\Level\Make\Parameters\StyleData\BigData.cpp">
      <Filter>Source Files</Filter>
    </ClCompile>
    <ClCompile Include="Game\Level\Make\Parameters\StyleData\DownData.cpp">
      <Filter>Source Files</Filter>
    </ClCompile>
    <ClCompile Include="Game\Level\Make\Parameters\StyleData\OneScreenData.cpp">
      <Filter>Source Files</Filter>
    </ClCompile>
    <ClCompile Include="Game\Level\Make\Parameters\StyleData\SingleData.cpp">
      <Filter>Source Files</Filter>
    </ClCompile>
    <ClCompile Include="Game\Level\Make\Parameters\StyleData\StyleData.cpp">
      <Filter>Source Files</Filter>
    </ClCompile>
    <ClCompile Include="Game\Level\Make\Parameters\StyleData\UpData.cpp">
      <Filter>Source Files</Filter>
    </ClCompile>
    <ClCompile Include="Game\Level\Make\Parameters\LevelGenData.cpp">
      <Filter>Source Files</Filter>
    </ClCompile>
    <ClCompile Include="Game\Level\Make\Parameters\Param.cpp">
      <Filter>Source Files</Filter>
    </ClCompile>
    <ClCompile Include="Game\Level\Make\Parameters\PresetDifficulties.cpp">
      <Filter>Source Files</Filter>
    </ClCompile>
    <ClCompile Include="Game\Level\Make\Parameters\RandomDifficulty.cpp">
      <Filter>Source Files</Filter>
    </ClCompile>
    <ClCompile Include="Game\Level\Make\Parameters\Upgrades.cpp">
      <Filter>Source Files</Filter>
    </ClCompile>
    <ClCompile Include="Game\Level\Make\Tools\Tunnel.cpp">
      <Filter>Source Files</Filter>
    </ClCompile>
    <ClCompile Include="Game\Level\Make\ComputerRecording.cpp">
      <Filter>Source Files</Filter>
    </ClCompile>
    <ClCompile Include="Game\Level\Make\DifficultyGroups.cpp">
      <Filter>Source Files</Filter>
    </ClCompile>
    <ClCompile Include="Game\Level\Make\DifficultyHelper.cpp">
      <Filter>Source Files</Filter>
    </ClCompile>
    <ClCompile Include="Game\Level\Make\Generators.cpp">
      <Filter>Source Files</Filter>
    </ClCompile>
    <ClCompile Include="Game\Level\Make\PieceSeedData.cpp">
      <Filter>Source Files</Filter>
    </ClCompile>
    <ClCompile Include="Game\Level\Replays\Recording.cpp">
      <Filter>Source Files</Filter>
    </ClCompile>
    <ClCompile Include="Game\Level\Replays\ReplayGUI.cpp">
      <Filter>Source Files</Filter>
    </ClCompile>
    <ClCompile Include="Game\Level\Replays\SwarmBundle.cpp">
      <Filter>Source Files</Filter>
    </ClCompile>
    <ClCompile Include="Game\Level\Replays\SwarmRecord.cpp">
      <Filter>Source Files</Filter>
    </ClCompile>
    <ClCompile Include="Game\Level\ClosingCircle.cpp">
      <Filter>Source Files</Filter>
    </ClCompile>
    <ClCompile Include="Game\Level\LevelPiece.cpp">
      <Filter>Source Files</Filter>
    </ClCompile>
    <ClCompile Include="Game\Menus\Concrete Menus\CharacterSelect\ArrowMenu.cpp">
      <Filter>Source Files</Filter>
    </ClCompile>
    <ClCompile Include="Game\Menus\Concrete Menus\CharacterSelect\Backdrop.cpp">
      <Filter>Source Files</Filter>
    </ClCompile>
    <ClCompile Include="Game\Menus\Concrete Menus\CharacterSelect\CharacterSelect.cpp">
      <Filter>Source Files</Filter>
    </ClCompile>
    <ClCompile Include="Game\Menus\Concrete Menus\CharacterSelect\CharSelectManager.cpp">
      <Filter>Source Files</Filter>
    </ClCompile>
    <ClCompile Include="Game\Menus\Concrete Menus\CharacterSelect\ColorSelect.cpp">
      <Filter>Source Files</Filter>
    </ClCompile>
    <ClCompile Include="Game\Menus\Concrete Menus\CharacterSelect\CustomizeMenu.cpp">
      <Filter>Source Files</Filter>
    </ClCompile>
    <ClCompile Include="Game\Menus\Concrete Menus\CharacterSelect\Doll.cpp">
      <Filter>Source Files</Filter>
    </ClCompile>
    <ClCompile Include="Game\Menus\Concrete Menus\CharacterSelect\GamerTag.cpp">
      <Filter>Source Files</Filter>
    </ClCompile>
    <ClCompile Include="Game\Menus\Concrete Menus\CharacterSelect\HeroLevel.cpp">
      <Filter>Source Files</Filter>
    </ClCompile>
    <ClCompile Include="Game\Menus\Concrete Menus\CharacterSelect\JoinText.cpp">
      <Filter>Source Files</Filter>
    </ClCompile>
    <ClCompile Include="Game\Menus\Concrete Menus\CharacterSelect\SignInChoiceMenu.cpp">
      <Filter>Source Files</Filter>
    </ClCompile>
    <ClCompile Include="Game\Menus\Concrete Menus\CharacterSelect\SimpleMenu.cpp">
      <Filter>Source Files</Filter>
    </ClCompile>
    <ClCompile Include="Game\Menus\Concrete Menus\CharacterSelect\Waiting.cpp">
      <Filter>Source Files</Filter>
    </ClCompile>
    <ClCompile Include="Game\Menus\Concrete Menus\Help\HelpBlurb.cpp">
      <Filter>Source Files</Filter>
    </ClCompile>
    <ClCompile Include="Game\Menus\Concrete Menus\Help\HelpMenu.cpp">
      <Filter>Source Files</Filter>
    </ClCompile>
    <ClCompile Include="Game\Menus\Concrete Menus\Help\HintBlurb.cpp">
      <Filter>Source Files</Filter>
    </ClCompile>
    <ClCompile Include="Game\Menus\Concrete Menus\Help\HintGiver.cpp">
      <Filter>Source Files</Filter>
    </ClCompile>
    <ClCompile Include="Game\Menus\Concrete Menus\InGameStartMenus\Sub Menus\ControlScreen.cpp">
      <Filter>Source Files</Filter>
    </ClCompile>
    <ClCompile Include="Game\Menus\Concrete Menus\InGameStartMenus\Sub Menus\CustomControls.cpp">
      <Filter>Source Files</Filter>
    </ClCompile>
    <ClCompile Include="Game\Menus\Concrete Menus\InGameStartMenus\Sub Menus\LoadSeedAs.cpp">
      <Filter>Source Files</Filter>
    </ClCompile>
    <ClCompile Include="Game\Menus\Concrete Menus\InGameStartMenus\Sub Menus\SaveLoadSeedMenu.cpp">
      <Filter>Source Files</Filter>
    </ClCompile>
    <ClCompile Include="Game\Menus\Concrete Menus\InGameStartMenus\Sub Menus\SaveSeedAs.cpp">
      <Filter>Source Files</Filter>
    </ClCompile>
    <ClCompile Include="Game\Menus\Concrete Menus\InGameStartMenus\Verify\AlertBase.cpp">
      <Filter>Source Files</Filter>
    </ClCompile>
    <ClCompile Include="Game\Menus\Concrete Menus\InGameStartMenus\Verify\VerifyBase.cpp">
      <Filter>Source Files</Filter>
    </ClCompile>
    <ClCompile Include="Game\Menus\Concrete Menus\InGameStartMenus\Verify\VerifyDeleteSeeds.cpp">
      <Filter>Source Files</Filter>
    </ClCompile>
    <ClCompile Include="Game\Menus\Concrete Menus\InGameStartMenus\Verify\VerifyQuitLevel.cpp">
      <Filter>Source Files</Filter>
    </ClCompile>
    <ClCompile Include="Game\Menus\Concrete Menus\InGameStartMenus\Verify\VerifyRemove.cpp">
      <Filter>Source Files</Filter>
    </ClCompile>
    <ClCompile Include="Game\Menus\Concrete Menus\InGameStartMenus\InGameStartMenu.cpp">
      <Filter>Source Files</Filter>
    </ClCompile>
    <ClCompile Include="Game\Menus\Concrete Menus\Loading Screen\ILoadingScreen.cpp">
      <Filter>Source Files</Filter>
    </ClCompile>
    <ClCompile Include="Game\Menus\Concrete Menus\Loading Screen\Loading.cpp">
      <Filter>Source Files</Filter>
    </ClCompile>
    <ClCompile Include="Game\Menus\Concrete Menus\Loading Screen\LoadingScreen.cpp">
      <Filter>Source Files</Filter>
    </ClCompile>
    <ClCompile Include="Game\Menus\Concrete Menus\Score Screens\ScoreDatabase.cpp">
      <Filter>Source Files</Filter>
    </ClCompile>
    <ClCompile Include="Game\Menus\Concrete Menus\Score Screens\ScoreEntry.cpp">
      <Filter>Source Files</Filter>
    </ClCompile>
    <ClCompile Include="Game\Menus\Concrete Menus\Score Screens\ScoreList.cpp">
      <Filter>Source Files</Filter>
    </ClCompile>
    <ClCompile Include="Game\Menus\Concrete Menus\Score Screens\ScoreScreen.cpp">
      <Filter>Source Files</Filter>
    </ClCompile>
    <ClCompile Include="Game\Menus\Concrete Menus\Score Screens\StatsScreen.cpp">
      <Filter>Source Files</Filter>
    </ClCompile>
    <ClCompile Include="Game\Menus\Concrete Menus\Title Screen\Arcade\Hero Select\Doll.cpp">
      <Filter>Source Files</Filter>
    </ClCompile>
    <ClCompile Include="Game\Menus\Concrete Menus\Title Screen\Arcade\Hero Select\HeroSelectOptions.cpp">
      <Filter>Source Files</Filter>
    </ClCompile>
    <ClCompile Include="Game\Menus\Concrete Menus\Title Screen\Arcade\Hero Select\StartMenu_MW_HeroSelect.cpp">
      <Filter>Source Files</Filter>
    </ClCompile>
    <ClCompile Include="Game\Menus\Concrete Menus\Title Screen\Arcade\ArcadeMenu.cpp">
      <Filter>Source Files</Filter>
    </ClCompile>
    <ClCompile Include="Game\Menus\Concrete Menus\Title Screen\Arcade\StartLevelMenu.cpp">
      <Filter>Source Files</Filter>
    </ClCompile>
    <ClCompile Include="Game\Menus\Concrete Menus\Title Screen\Arcade\StartMenu_MW_Arcade.cpp">
      <Filter>Source Files</Filter>
    </ClCompile>
    <ClCompile Include="Game\Menus\Concrete Menus\Title Screen\Freeplay\CustomHero_GUI.cpp">
      <Filter>Source Files</Filter>
    </ClCompile>
    <ClCompile Include="Game\Menus\Concrete Menus\Title Screen\Freeplay\CustomLevel_GUI.cpp">
      <Filter>Source Files</Filter>
    </ClCompile>
    <ClCompile Include="Game\Menus\Concrete Menus\Title Screen\Freeplay\CustomUpgrades_GUI.cpp">
      <Filter>Source Files</Filter>
    </ClCompile>
    <ClCompile Include="Game\Menus\Concrete Menus\Title Screen\Freeplay\LengthSlider.cpp">
      <Filter>Source Files</Filter>
    </ClCompile>
    <ClCompile Include="Game\Menus\Concrete Menus\Title Screen\Freeplay\PhsxSlider.cpp">
      <Filter>Source Files</Filter>
    </ClCompile>
    <ClCompile Include="Game\Menus\Concrete Menus\Title Screen\Freeplay\SavedSeedsGUI.cpp">
      <Filter>Source Files</Filter>
    </ClCompile>
    <ClCompile Include="Game\Menus\Concrete Menus\Title Screen\Story\StartMenu_MW_Campaign.cpp">
      <Filter>Source Files</Filter>
    </ClCompile>
    <ClCompile Include="Game\Menus\Concrete Menus\Title Screen\Story\StartMenu_MW_Cinematics.cpp">
      <Filter>Source Files</Filter>
    </ClCompile>
    <ClCompile Include="Game\Menus\Concrete Menus\Title Screen\Sub Menus\SoundMenu.cpp">
      <Filter>Source Files</Filter>
    </ClCompile>
    <ClCompile Include="Game\Menus\Concrete Menus\Title Screen\Sub Menus\VerifyQuitGame.cpp">
      <Filter>Source Files</Filter>
    </ClCompile>
    <ClCompile Include="Game\Menus\Concrete Menus\Title Screen\StartMenu.cpp">
      <Filter>Source Files</Filter>
    </ClCompile>
    <ClCompile Include="Game\Menus\Concrete Menus\Title Screen\StartMenu_MW.cpp">
      <Filter>Source Files</Filter>
    </ClCompile>
    <ClCompile Include="Game\Menus\Concrete Menus\Title Screen\StartMenu_MW_Backpanel.cpp">
      <Filter>Source Files</Filter>
    </ClCompile>
    <ClCompile Include="Game\Menus\Concrete Menus\Title Screen\StartMenu_MW_Black.cpp">
      <Filter>Source Files</Filter>
    </ClCompile>
    <ClCompile Include="Game\Menus\Concrete Menus\Title Screen\StartMenu_MW_CustomLevel.cpp">
      <Filter>Source Files</Filter>
    </ClCompile>
    <ClCompile Include="Game\Menus\Concrete Menus\Title Screen\StartMenu_MW_Exit.cpp">
      <Filter>Source Files</Filter>
    </ClCompile>
    <ClCompile Include="Game\Menus\Concrete Menus\Title Screen\StartMenu_MW_Options.cpp">
      <Filter>Source Files</Filter>
    </ClCompile>
    <ClCompile Include="Game\Menus\Concrete Menus\Title Screen\StartMenu_MW_PressStart.cpp">
      <Filter>Source Files</Filter>
    </ClCompile>
    <ClCompile Include="Game\Menus\Concrete Menus\Title Screen\TitleGame_MW.cpp">
      <Filter>Source Files</Filter>
    </ClCompile>
    <ClCompile Include="Game\Menus\Concrete Menus\Title Screen\TitleGameBase.cpp">
      <Filter>Source Files</Filter>
    </ClCompile>
    <ClCompile Include="Game\Menus\Concrete Menus\ShopMenu.cpp">
      <Filter>Source Files</Filter>
    </ClCompile>
    <ClCompile Include="Game\Menus\Menu Components\MenuItem.cpp">
      <Filter>Source Files</Filter>
    </ClCompile>
    <ClCompile Include="Game\Menus\Menu Components\MenuList.cpp">
      <Filter>Source Files</Filter>
    </ClCompile>
    <ClCompile Include="Game\Menus\Menu Components\MenuListAll.cpp">
      <Filter>Source Files</Filter>
    </ClCompile>
    <ClCompile Include="Game\Menus\Menu Components\MenuListExpand.cpp">
      <Filter>Source Files</Filter>
    </ClCompile>
    <ClCompile Include="Game\Menus\Menu Components\MenuScrollBar.cpp">
      <Filter>Source Files</Filter>
    </ClCompile>
    <ClCompile Include="Game\Menus\Menu Components\MenuSlider.cpp">
      <Filter>Source Files</Filter>
    </ClCompile>
    <ClCompile Include="Game\Menus\Menu Components\MenuSliderBase.cpp">
      <Filter>Source Files</Filter>
    </ClCompile>
    <ClCompile Include="Game\Menus\Menu Components\MenuSliderNoSlide.cpp">
      <Filter>Source Files</Filter>
    </ClCompile>
    <ClCompile Include="Game\Menus\Menu Components\MenuToggle.cpp">
      <Filter>Source Files</Filter>
    </ClCompile>
    <ClCompile Include="Game\Menus\Menu Components\ScrollBar.cpp">
      <Filter>Source Files</Filter>
    </ClCompile>
    <ClCompile Include="Game\Menus\CkBaseMenu.cpp">
      <Filter>Source Files</Filter>
    </ClCompile>
    <ClCompile Include="Game\Menus\LongMenu.cpp">
      <Filter>Source Files</Filter>
    </ClCompile>
    <ClCompile Include="Game\Menus\Menu.cpp">
      <Filter>Source Files</Filter>
    </ClCompile>
    <ClCompile Include="Game\Menus\MiniMenu.cpp">
      <Filter>Source Files</Filter>
    </ClCompile>
    <ClCompile Include="Game\Objects\Bob\Bob.cpp">
      <Filter>Source Files</Filter>
    </ClCompile>
    <ClCompile Include="Game\Objects\Bob\BobInput.cpp">
      <Filter>Source Files</Filter>
    </ClCompile>
    <ClCompile Include="Game\Objects\Bob\BobLink.cpp">
      <Filter>Source Files</Filter>
    </ClCompile>
    <ClCompile Include="Game\Objects\Door\Door.cpp">
      <Filter>Source Files</Filter>
    </ClCompile>
    <ClCompile Include="Game\Objects\Door\PressNote.cpp">
      <Filter>Source Files</Filter>
    </ClCompile>
    <ClCompile Include="Game\Objects\Game Objects\GameObjects\End\GameOverPanel.cpp">
      <Filter>Source Files</Filter>
    </ClCompile>
    <ClCompile Include="Game\Objects\Game Objects\GameObjects\End\HighScorePanel.cpp">
      <Filter>Source Files</Filter>
    </ClCompile>
    <ClCompile Include="Game\Objects\Game Objects\GameObjects\Cheer.cpp">
      <Filter>Source Files</Filter>
    </ClCompile>
    <ClCompile Include="Game\Objects\Game Objects\GameObjects\CoinScoreMultiplierObject.cpp">
      <Filter>Source Files</Filter>
    </ClCompile>
    <ClCompile Include="Game\Objects\Game Objects\GameObjects\DoorIcon.cpp">
      <Filter>Source Files</Filter>
    </ClCompile>
    <ClCompile Include="Game\Objects\Game Objects\GameObjects\ExplodeBobs.cpp">
      <Filter>Source Files</Filter>
    </ClCompile>
    <ClCompile Include="Game\Objects\Game Objects\GameObjects\GUI_Blobs.cpp">
      <Filter>Source Files</Filter>
    </ClCompile>
    <ClCompile Include="Game\Objects\Game Objects\GameObjects\GUI_Level.cpp">
      <Filter>Source Files</Filter>
    </ClCompile>
    <ClCompile Include="Game\Objects\Game Objects\GameObjects\GUI_Lives.cpp">
      <Filter>Source Files</Filter>
    </ClCompile>
    <ClCompile Include="Game\Objects\Game Objects\GameObjects\GUI_LivesLeft.cpp">
      <Filter>Source Files</Filter>
    </ClCompile>
    <ClCompile Include="Game\Objects\Game Objects\GameObjects\GUI_Multiplier.cpp">
      <Filter>Source Files</Filter>
    </ClCompile>
    <ClCompile Include="Game\Objects\Game Objects\GameObjects\GUI_NextLife.cpp">
      <Filter>Source Files</Filter>
    </ClCompile>
    <ClCompile Include="Game\Objects\Game Objects\GameObjects\GUI_Panel.cpp">
      <Filter>Source Files</Filter>
    </ClCompile>
    <ClCompile Include="Game\Objects\Game Objects\GameObjects\GUI_Score.cpp">
      <Filter>Source Files</Filter>
    </ClCompile>
    <ClCompile Include="Game\Objects\Game Objects\GameObjects\GUI_Text.cpp">
      <Filter>Source Files</Filter>
    </ClCompile>
    <ClCompile Include="Game\Objects\Game Objects\GameObjects\GUI_TextBox.cpp">
      <Filter>Source Files</Filter>
    </ClCompile>
    <ClCompile Include="Game\Objects\Game Objects\GameObjects\GUI_Timer.cpp">
      <Filter>Source Files</Filter>
    </ClCompile>
    <ClCompile Include="Game\Objects\Game Objects\GameObjects\GUI_Timer_Base.cpp">
      <Filter>Source Files</Filter>
    </ClCompile>
    <ClCompile Include="Game\Objects\Game Objects\GameObjects\GUI_Timer_Simple.cpp">
      <Filter>Source Files</Filter>
    </ClCompile>
    <ClCompile Include="Game\Objects\Game Objects\GameObjects\Guide.cpp">
      <Filter>Source Files</Filter>
    </ClCompile>
    <ClCompile Include="Game\Objects\Game Objects\GameObjects\LevelTitle.cpp">
      <Filter>Source Files</Filter>
    </ClCompile>
    <ClCompile Include="Game\Objects\Game Objects\GameObjects\Listener.cpp">
      <Filter>Source Files</Filter>
    </ClCompile>
    <ClCompile Include="Game\Objects\Game Objects\GameObjects\MultiplierUp.cpp">
      <Filter>Source Files</Filter>
    </ClCompile>
    <ClCompile Include="Game\Objects\Game Objects\GameObjects\NewHero.cpp">
      <Filter>Source Files</Filter>
    </ClCompile>
    <ClCompile Include="Game\Objects\Game Objects\GameObjects\PerfectScoreObject.cpp">
      <Filter>Source Files</Filter>
    </ClCompile>
    <ClCompile Include="Game\Objects\Game Objects\GameObjects\Region.cpp">
      <Filter>Source Files</Filter>
    </ClCompile>
    <ClCompile Include="Game\Objects\Game Objects\GameObjects\Rumble.cpp">
      <Filter>Source Files</Filter>
    </ClCompile>
    <ClCompile Include="Game\Objects\Game Objects\GameObjects\SlowMo.cpp">
      <Filter>Source Files</Filter>
    </ClCompile>
    <ClCompile Include="Game\Objects\Game Objects\GameObjects\SuperCheer.cpp">
      <Filter>Source Files</Filter>
    </ClCompile>
    <ClCompile Include="Game\Objects\Game Objects\GameObjects\TimerWarning.cpp">
      <Filter>Source Files</Filter>
    </ClCompile>
    <ClCompile Include="Game\Objects\Game Objects\GameObject.cpp">
      <Filter>Source Files</Filter>
    </ClCompile>
    <ClCompile Include="Game\Objects\Game Objects\Template_GameObject.cpp">
      <Filter>Source Files</Filter>
    </ClCompile>
    <ClCompile Include="Game\Objects\In Game Objects\BaseClasses\_BoxDeath.cpp">
      <Filter>Source Files</Filter>
    </ClCompile>
    <ClCompile Include="Game\Objects\In Game Objects\BaseClasses\_CircleDeath.cpp">
      <Filter>Source Files</Filter>
    </ClCompile>
    <ClCompile Include="Game\Objects\In Game Objects\BaseClasses\_Death.cpp">
      <Filter>Source Files</Filter>
    </ClCompile>
    <ClCompile Include="Game\Objects\In Game Objects\BaseClasses\_LineDeath.cpp">
      <Filter>Source Files</Filter>
    </ClCompile>
    <ClCompile Include="Game\Objects\In Game Objects\BaseClasses\_Obstacle.cpp">
      <Filter>Source Files</Filter>
    </ClCompile>
    <ClCompile Include="Game\Objects\In Game Objects\Blocks\Block.cpp">
      <Filter>Source Files</Filter>
    </ClCompile>
    <ClCompile Include="Game\Objects\In Game Objects\Blocks\BouncyBlock.cpp">
      <Filter>Source Files</Filter>
    </ClCompile>
    <ClCompile Include="Game\Objects\In Game Objects\Blocks\BouncyBlock__Auto.cpp">
      <Filter>Source Files</Filter>
    </ClCompile>
    <ClCompile Include="Game\Objects\In Game Objects\Blocks\Ceiling__Auto.cpp">
      <Filter>Source Files</Filter>
    </ClCompile>
    <ClCompile Include="Game\Objects\In Game Objects\Blocks\Conveyor.cpp">
      <Filter>Source Files</Filter>
    </ClCompile>
    <ClCompile Include="Game\Objects\In Game Objects\Blocks\Conveyor__Auto.cpp">
      <Filter>Source Files</Filter>
    </ClCompile>
    <ClCompile Include="Game\Objects\In Game Objects\Blocks\FallingBlock.cpp">
      <Filter>Source Files</Filter>
    </ClCompile>
    <ClCompile Include="Game\Objects\In Game Objects\Blocks\FallingBlock__Auto.cpp">
      <Filter>Source Files</Filter>
    </ClCompile>
    <ClCompile Include="Game\Objects\In Game Objects\Blocks\GhostBlock.cpp">
      <Filter>Source Files</Filter>
    </ClCompile>
    <ClCompile Include="Game\Objects\In Game Objects\Blocks\GhostBlock__Auto.cpp">
      <Filter>Source Files</Filter>
    </ClCompile>
    <ClCompile Include="Game\Objects\In Game Objects\Blocks\Lava.cpp">
      <Filter>Source Files</Filter>
    </ClCompile>
    <ClCompile Include="Game\Objects\In Game Objects\Blocks\Lava_Castle.cpp">
      <Filter>Source Files</Filter>
    </ClCompile>
    <ClCompile Include="Game\Objects\In Game Objects\Blocks\MovingBlock.cpp">
      <Filter>Source Files</Filter>
    </ClCompile>
    <ClCompile Include="Game\Objects\In Game Objects\Blocks\MovingBlock__Auto.cpp">
      <Filter>Source Files</Filter>
    </ClCompile>
    <ClCompile Include="Game\Objects\In Game Objects\Blocks\MovingPlatform.cpp">
      <Filter>Source Files</Filter>
    </ClCompile>
    <ClCompile Include="Game\Objects\In Game Objects\Blocks\NormalBlock.cpp">
      <Filter>Source Files</Filter>
    </ClCompile>
    <ClCompile Include="Game\Objects\In Game Objects\Blocks\NormalBlock__Auto.cpp">
      <Filter>Source Files</Filter>
    </ClCompile>
    <ClCompile Include="Game\Objects\In Game Objects\Blocks\NormalBlockDraw.cpp">
      <Filter>Source Files</Filter>
    </ClCompile>
    <ClCompile Include="Game\Objects\In Game Objects\Blocks\Pendulum.cpp">
      <Filter>Source Files</Filter>
    </ClCompile>
    <ClCompile Include="Game\Objects\In Game Objects\Blocks\Pendulum__Auto.cpp">
      <Filter>Source Files</Filter>
    </ClCompile>
    <ClCompile Include="Game\Objects\In Game Objects\Blocks\Wall.cpp">
      <Filter>Source Files</Filter>
    </ClCompile>
    <ClCompile Include="Game\Objects\In Game Objects\Grab\Checkpoint.cpp">
      <Filter>Source Files</Filter>
    </ClCompile>
    <ClCompile Include="Game\Objects\In Game Objects\Grab\Coin.cpp">
      <Filter>Source Files</Filter>
    </ClCompile>
    <ClCompile Include="Game\Objects\In Game Objects\Grab\Coin__Auto.cpp">
      <Filter>Source Files</Filter>
    </ClCompile>
    <ClCompile Include="Game\Objects\In Game Objects\Obstacles\BlockEmitter.cpp">
      <Filter>Source Files</Filter>
    </ClCompile>
    <ClCompile Include="Game\Objects\In Game Objects\Obstacles\BlockEmitter__Auto.cpp">
      <Filter>Source Files</Filter>
    </ClCompile>
    <ClCompile Include="Game\Objects\In Game Objects\Obstacles\Boulder.cpp">
      <Filter>Source Files</Filter>
    </ClCompile>
    <ClCompile Include="Game\Objects\In Game Objects\Obstacles\Boulder__Auto.cpp">
      <Filter>Source Files</Filter>
    </ClCompile>
    <ClCompile Include="Game\Objects\In Game Objects\Obstacles\Cloud.cpp">
      <Filter>Source Files</Filter>
    </ClCompile>
    <ClCompile Include="Game\Objects\In Game Objects\Obstacles\Cloud__Auto.cpp">
      <Filter>Source Files</Filter>
    </ClCompile>
    <ClCompile Include="Game\Objects\In Game Objects\Obstacles\CloudberryKingdom.Fireball.cpp">
      <Filter>Source Files</Filter>
    </ClCompile>
    <ClCompile Include="Game\Objects\In Game Objects\Obstacles\CloudberryKingdom.Firesnake.cpp">
      <Filter>Source Files</Filter>
    </ClCompile>
    <ClCompile Include="Game\Objects\In Game Objects\Obstacles\Fireball__Auto.cpp">
      <Filter>Source Files</Filter>
    </ClCompile>
    <ClCompile Include="Game\Objects\In Game Objects\Obstacles\Firesnake__Auto.cpp">
      <Filter>Source Files</Filter>
    </ClCompile>
    <ClCompile Include="Game\Objects\In Game Objects\Obstacles\FireSpinner.cpp">
      <Filter>Source Files</Filter>
    </ClCompile>
    <ClCompile Include="Game\Objects\In Game Objects\Obstacles\FireSpinner__Auto.cpp">
      <Filter>Source Files</Filter>
    </ClCompile>
    <ClCompile Include="Game\Objects\In Game Objects\Obstacles\FlyingBlob.cpp">
      <Filter>Source Files</Filter>
    </ClCompile>
    <ClCompile Include="Game\Objects\In Game Objects\Obstacles\FlyingBlob__Auto.cpp">
      <Filter>Source Files</Filter>
    </ClCompile>
    <ClCompile Include="Game\Objects\In Game Objects\Obstacles\Laser.cpp">
      <Filter>Source Files</Filter>
    </ClCompile>
    <ClCompile Include="Game\Objects\In Game Objects\Obstacles\Laser__Auto.cpp">
      <Filter>Source Files</Filter>
    </ClCompile>
    <ClCompile Include="Game\Objects\In Game Objects\Obstacles\LavaDrip.cpp">
      <Filter>Source Files</Filter>
    </ClCompile>
    <ClCompile Include="Game\Objects\In Game Objects\Obstacles\LavaDrip__Auto.cpp">
      <Filter>Source Files</Filter>
    </ClCompile>
    <ClCompile Include="Game\Objects\In Game Objects\Obstacles\Serpent.cpp">
      <Filter>Source Files</Filter>
    </ClCompile>
    <ClCompile Include="Game\Objects\In Game Objects\Obstacles\Serpent__Auto.cpp">
      <Filter>Source Files</Filter>
    </ClCompile>
    <ClCompile Include="Game\Objects\In Game Objects\Obstacles\Spike.cpp">
      <Filter>Source Files</Filter>
    </ClCompile>
    <ClCompile Include="Game\Objects\In Game Objects\Obstacles\Spike__Auto.cpp">
      <Filter>Source Files</Filter>
    </ClCompile>
    <ClCompile Include="Game\Objects\In Game Objects\Obstacles\SpikeyGuy.cpp">
      <Filter>Source Files</Filter>
    </ClCompile>
    <ClCompile Include="Game\Objects\In Game Objects\Obstacles\SpikeyGuy__Auto.cpp">
      <Filter>Source Files</Filter>
    </ClCompile>
    <ClCompile Include="Game\Objects\In Game Objects\Obstacles\SpikeyLine.cpp">
      <Filter>Source Files</Filter>
    </ClCompile>
    <ClCompile Include="Game\Objects\In Game Objects\Obstacles\SpikeyLine__Auto.cpp">
      <Filter>Source Files</Filter>
    </ClCompile>
    <ClCompile Include="Game\Objects\Special\Arrow.cpp">
      <Filter>Source Files</Filter>
    </ClCompile>
    <ClCompile Include="Game\Objects\Special\CameraZone.cpp">
      <Filter>Source Files</Filter>
    </ClCompile>
    <ClCompile Include="Game\Objects\Special\TextFloat.cpp">
      <Filter>Source Files</Filter>
    </ClCompile>
    <ClCompile Include="Game\Objects\Special\TextList.cpp">
      <Filter>Source Files</Filter>
    </ClCompile>
    <ClCompile Include="Game\Objects\Special\ZoneTrigger.cpp">
      <Filter>Source Files</Filter>
    </ClCompile>
    <ClCompile Include="Game\Objects\AutoGen.cpp">
      <Filter>Source Files</Filter>
    </ClCompile>
    <ClCompile Include="Game\Objects\IBounded.cpp">
      <Filter>Source Files</Filter>
    </ClCompile>
    <ClCompile Include="Game\Objects\Icon.cpp">
      <Filter>Source Files</Filter>
    </ClCompile>
    <ClCompile Include="Game\Objects\IPrepareToDraw.cpp">
      <Filter>Source Files</Filter>
    </ClCompile>
    <ClCompile Include="Game\Objects\ObjectBase.cpp">
      <Filter>Source Files</Filter>
    </ClCompile>
    <ClCompile Include="Game\Player\Awardments\Awardment.cpp">
      <Filter>Source Files</Filter>
    </ClCompile>
    <ClCompile Include="Game\Player\Awardments\AwardmentMessage.cpp">
      <Filter>Source Files</Filter>
    </ClCompile>
    <ClCompile Include="Game\Player\Hero Physics\Base.cpp">
      <Filter>Source Files</Filter>
    </ClCompile>
    <ClCompile Include="Game\Player\Hero Physics\Big.cpp">
      <Filter>Source Files</Filter>
    </ClCompile>
    <ClCompile Include="Game\Player\Hero Physics\BobPhsxCharSelect.cpp">
      <Filter>Source Files</Filter>
    </ClCompile>
    <ClCompile Include="Game\Player\Hero Physics\Bouncy.cpp">
      <Filter>Source Files</Filter>
    </ClCompile>
    <ClCompile Include="Game\Player\Hero Physics\Box.cpp">
      <Filter>Source Files</Filter>
    </ClCompile>
    <ClCompile Include="Game\Player\Hero Physics\Double.cpp">
      <Filter>Source Files</Filter>
    </ClCompile>
    <ClCompile Include="Game\Player\Hero Physics\Invert.cpp">
      <Filter>Source Files</Filter>
    </ClCompile>
    <ClCompile Include="Game\Player\Hero Physics\Jetman.cpp">
      <Filter>Source Files</Filter>
    </ClCompile>
    <ClCompile Include="Game\Player\Hero Physics\Meat.cpp">
      <Filter>Source Files</Filter>
    </ClCompile>
    <ClCompile Include="Game\Player\Hero Physics\Normal.cpp">
      <Filter>Source Files</Filter>
    </ClCompile>
    <ClCompile Include="Game\Player\Hero Physics\Random.cpp">
      <Filter>Source Files</Filter>
    </ClCompile>
    <ClCompile Include="Game\Player\Hero Physics\Rocketbox.cpp">
      <Filter>Source Files</Filter>
    </ClCompile>
    <ClCompile Include="Game\Player\Hero Physics\Scale.cpp">
      <Filter>Source Files</Filter>
    </ClCompile>
    <ClCompile Include="Game\Player\Hero Physics\Small.cpp">
      <Filter>Source Files</Filter>
    </ClCompile>
    <ClCompile Include="Game\Player\Hero Physics\Spaceship.cpp">
      <Filter>Source Files</Filter>
    </ClCompile>
    <ClCompile Include="Game\Player\Hero Physics\Time.cpp">
      <Filter>Source Files</Filter>
    </ClCompile>
    <ClCompile Include="Game\Player\Hero Physics\Wheel.cpp">
      <Filter>Source Files</Filter>
    </ClCompile>
    <ClCompile Include="Game\Player\Cape.cpp">
      <Filter>Source Files</Filter>
    </ClCompile>
    <ClCompile Include="Game\Player\ClrTextFx.cpp">
      <Filter>Source Files</Filter>
    </ClCompile>
    <ClCompile Include="Game\Player\ColorScheme.cpp">
      <Filter>Source Files</Filter>
    </ClCompile>
    <ClCompile Include="Game\Player\ColorSchemeManager.cpp">
      <Filter>Source Files</Filter>
    </ClCompile>
    <ClCompile Include="Game\Player\PlayerData.cpp">
      <Filter>Source Files</Filter>
    </ClCompile>
    <ClCompile Include="Game\Player\PlayerManager.cpp">
      <Filter>Source Files</Filter>
    </ClCompile>
    <ClCompile Include="Game\Player\SavedSeeds.cpp">
      <Filter>Source Files</Filter>
    </ClCompile>
    <ClCompile Include="Game\Player\Stats.cpp">
      <Filter>Source Files</Filter>
    </ClCompile>
    <ClCompile Include="Game\Tilesets\Backgrounds\_Code\_code_Castle.cpp">
      <Filter>Source Files</Filter>
    </ClCompile>
    <ClCompile Include="Game\Tilesets\Backgrounds\_Code\_code_Cave.cpp">
      <Filter>Source Files</Filter>
    </ClCompile>
    <ClCompile Include="Game\Tilesets\Backgrounds\_Code\_code_Cloud.cpp">
      <Filter>Source Files</Filter>
    </ClCompile>
    <ClCompile Include="Game\Tilesets\Backgrounds\_Code\_code_Forest.cpp">
      <Filter>Source Files</Filter>
    </ClCompile>
    <ClCompile Include="Game\Tilesets\Backgrounds\_Code\_code_Hills.cpp">
      <Filter>Source Files</Filter>
    </ClCompile>
    <ClCompile Include="Game\Tilesets\Backgrounds\_Code\_code_Sea.cpp">
      <Filter>Source Files</Filter>
    </ClCompile>
    <ClCompile Include="Game\Tilesets\Backgrounds\_Code\CloudberryKingdom.Background.cpp">
      <Filter>Source Files</Filter>
    </ClCompile>
    <ClCompile Include="Game\Tilesets\Backgrounds\Background.cpp">
      <Filter>Source Files</Filter>
    </ClCompile>
    <ClCompile Include="Game\Tilesets\Backgrounds\BackgroundCollection.cpp">
      <Filter>Source Files</Filter>
    </ClCompile>
    <ClCompile Include="Game\Tilesets\Backgrounds\BackgroundFloater.cpp">
      <Filter>Source Files</Filter>
    </ClCompile>
    <ClCompile Include="Game\Tilesets\Backgrounds\BackgroundFloater_Stationary.cpp">
      <Filter>Source Files</Filter>
    </ClCompile>
    <ClCompile Include="Game\Tilesets\Backgrounds\BackgroundFloaterList.cpp">
      <Filter>Source Files</Filter>
    </ClCompile>
    <ClCompile Include="Game\Tilesets\Tilesets\CloudberryKingdom.TileSets.cpp">
      <Filter>Source Files</Filter>
    </ClCompile>
    <ClCompile Include="Game\Tilesets\BlockGroup.cpp">
      <Filter>Source Files</Filter>
    </ClCompile>
    <ClCompile Include="Game\Tilesets\SpriteInfo.cpp">
      <Filter>Source Files</Filter>
    </ClCompile>
    <ClCompile Include="Game\Tilesets\TileSet.cpp">
      <Filter>Source Files</Filter>
    </ClCompile>
    <ClCompile Include="Game\Tools\Camera.cpp">
      <Filter>Source Files</Filter>
    </ClCompile>
    <ClCompile Include="Game\Tools\CkColorHelper.cpp">
      <Filter>Source Files</Filter>
    </ClCompile>
    <ClCompile Include="Game\Tools\EzReader.cpp">
      <Filter>Source Files</Filter>
    </ClCompile>
    <ClCompile Include="Game\Tools\EzStorage.cpp">
      <Filter>Source Files</Filter>
    </ClCompile>
    <ClCompile Include="Game\Tools\Globals.cpp">
      <Filter>Source Files</Filter>
    </ClCompile>
    <ClCompile Include="Game\Tools\IntVector2.cpp">
      <Filter>Source Files</Filter>
    </ClCompile>
    <ClCompile Include="Game\Tools\Oscillate.cpp">
      <Filter>Source Files</Filter>
    </ClCompile>
    <ClCompile Include="Game\Tools\Prototypes.cpp">
      <Filter>Source Files</Filter>
    </ClCompile>
    <ClCompile Include="Game\Tools\Recycler.cpp">
      <Filter>Source Files</Filter>
    </ClCompile>
    <ClCompile Include="Game\Tools\Resources.cpp">
      <Filter>Source Files</Filter>
    </ClCompile>
    <ClCompile Include="Game\Tools\Tools.cpp">
      <Filter>Source Files</Filter>
    </ClCompile>
    <ClCompile Include="Game\Tools\Unset.cpp">
      <Filter>Source Files</Filter>
    </ClCompile>
    <ClCompile Include="Game\Tools\WrappedFloat.cpp">
      <Filter>Source Files</Filter>
    </ClCompile>
    <ClCompile Include="Game\Localization.cpp">
      <Filter>Source Files</Filter>
    </ClCompile>
    <ClCompile Include="Game\Video.cpp">
      <Filter>Source Files</Filter>
    </ClCompile>
    <ClCompile Include="Core\Animation\AnimationData_Integer.cpp">
      <Filter>Source Files</Filter>
    </ClCompile>
    <ClCompile Include="Core\Animation\AnimationData_Vector.cpp">
      <Filter>Source Files</Filter>
    </ClCompile>
    <ClCompile Include="Core\Animation\AnimQueue.cpp">
      <Filter>Source Files</Filter>
    </ClCompile>
    <ClCompile Include="Core\Animation\SpriteAnim.cpp">
      <Filter>Source Files</Filter>
    </ClCompile>
    <ClCompile Include="Core\Effects\EzEffect.cpp">
      <Filter>Source Files</Filter>
    </ClCompile>
    <ClCompile Include="Core\Effects\EzEffectWad.cpp">
      <Filter>Source Files</Filter>
    </ClCompile>
    <ClCompile Include="Core\Graphics\Draw\Object\ObjectBox.cpp">
      <Filter>Source Files</Filter>
    </ClCompile>
    <ClCompile Include="Core\Graphics\Draw\Object\ObjectClass.cpp">
      <Filter>Source Files</Filter>
    </ClCompile>
    <ClCompile Include="Core\Graphics\Draw\Quads\BaseQuad.cpp">
      <Filter>Source Files</Filter>
    </ClCompile>
    <ClCompile Include="Core\Graphics\Draw\Quads\ObjectVector.cpp">
      <Filter>Source Files</Filter>
    </ClCompile>
    <ClCompile Include="Core\Graphics\Draw\Quads\PieceQuad.cpp">
      <Filter>Source Files</Filter>
    </ClCompile>
    <ClCompile Include="Core\Graphics\Draw\Quads\Quad.cpp">
      <Filter>Source Files</Filter>
    </ClCompile>
    <ClCompile Include="Core\Graphics\Draw\Quads\QuadClass.cpp">
      <Filter>Source Files</Filter>
    </ClCompile>
    <ClCompile Include="Core\Graphics\Draw\Simple\BasePoint.cpp">
      <Filter>Source Files</Filter>
    </ClCompile>
    <ClCompile Include="Core\Graphics\Draw\Simple\SimpleBox.cpp">
      <Filter>Source Files</Filter>
    </ClCompile>
    <ClCompile Include="Core\Graphics\Draw\Simple\SimpleObject.cpp">
      <Filter>Source Files</Filter>
    </ClCompile>
    <ClCompile Include="Core\Graphics\Draw\Simple\SimpleQuad.cpp">
      <Filter>Source Files</Filter>
    </ClCompile>
    <ClCompile Include="Core\Graphics\Draw\Simple\SimpleVector.cpp">
      <Filter>Source Files</Filter>
    </ClCompile>
    <ClCompile Include="Core\Graphics\Draw\DrawPile.cpp">
      <Filter>Source Files</Filter>
    </ClCompile>
    <ClCompile Include="Core\Graphics\MainRender.cpp">
      <Filter>Source Files</Filter>
    </ClCompile>
    <ClCompile Include="Core\Graphics\QuadDrawer.cpp">
      <Filter>Source Files</Filter>
    </ClCompile>
    <ClCompile Include="Core\Graphics\VertexFormat.cpp">
      <Filter>Source Files</Filter>
    </ClCompile>
    <ClCompile Include="Core\Input\ButtonCheck.cpp">
      <Filter>Source Files</Filter>
    </ClCompile>
    <ClCompile Include="Core\Lambdas\Multicaster.cpp">
      <Filter>Source Files</Filter>
    </ClCompile>
    <ClCompile Include="Core\Particle Effects\Specific Effects\CloudberryKingdom.ParticleEffects.cpp">
      <Filter>Source Files</Filter>
    </ClCompile>
    <ClCompile Include="Core\Particle Effects\Particle.cpp">
      <Filter>Source Files</Filter>
    </ClCompile>
    <ClCompile Include="Core\Particle Effects\ParticleEmitter.cpp">
      <Filter>Source Files</Filter>
    </ClCompile>
    <ClCompile Include="Core\Song\EzSong.cpp">
      <Filter>Source Files</Filter>
    </ClCompile>
    <ClCompile Include="Core\Song\EzSongWad.cpp">
      <Filter>Source Files</Filter>
    </ClCompile>
    <ClCompile Include="Core\Sound\EzSound.cpp">
      <Filter>Source Files</Filter>
    </ClCompile>
    <ClCompile Include="Core\Sound\EzSoundWad.cpp">
      <Filter>Source Files</Filter>
    </ClCompile>
    <ClCompile Include="Core\Text\EzFont.cpp">
      <Filter>Source Files</Filter>
    </ClCompile>
    <ClCompile Include="Core\Text\EzText.cpp">
      <Filter>Source Files</Filter>
    </ClCompile>
    <ClCompile Include="Core\Texture\CloudberryKingdom.EzTextureWad.cpp">
      <Filter>Source Files</Filter>
    </ClCompile>
    <ClCompile Include="Core\Texture\CoreEngine.EzTextureWad.cpp">
      <Filter>Source Files</Filter>
    </ClCompile>
    <ClCompile Include="Core\Texture\EzTexture.cpp">
      <Filter>Source Files</Filter>
    </ClCompile>
    <ClCompile Include="Core\Texture\PackedTexture.cpp">
      <Filter>Source Files</Filter>
    </ClCompile>
    <ClCompile Include="Core\Texture\TextureOrAnim.cpp">
      <Filter>Source Files</Filter>
    </ClCompile>
    <ClCompile Include="Core\Tools\ColorHelper.cpp">
      <Filter>Source Files</Filter>
    </ClCompile>
    <ClCompile Include="Core\Tools\CoreMath.cpp">
      <Filter>Source Files</Filter>
    </ClCompile>
    <ClCompile Include="Core\Tools\Random.cpp">
      <Filter>Source Files</Filter>
    </ClCompile>
    <ClCompile Include="Core\Tools\Set.cpp">
      <Filter>Source Files</Filter>
    </ClCompile>
    <ClCompile Include="Core\Chunk.cpp">
      <Filter>Source Files</Filter>
    </ClCompile>
    <ClCompile Include="Core\FancyColor.cpp">
      <Filter>Source Files</Filter>
    </ClCompile>
    <ClCompile Include="Core\FancyVector2.cpp">
      <Filter>Source Files</Filter>
    </ClCompile>
    <ClCompile Include="Core\PhsxData.cpp">
      <Filter>Source Files</Filter>
    </ClCompile>
    <ClCompile Include="Core\ResolutionGroup.cpp">
      <Filter>Source Files</Filter>
    </ClCompile>
    <ClCompile Include="Core\Version.cpp">
      <Filter>Source Files</Filter>
    </ClCompile>
    <ClCompile Include="Core\WriteReadTools.cpp">
      <Filter>Source Files</Filter>
    </ClCompile>
    <ClCompile Include="MainClass\XboxPC\CloudberryKingdom.XnaGameClass.cpp">
      <Filter>Source Files</Filter>
    </ClCompile>
    <ClCompile Include="MainClass\XboxPC\MainClass.cpp">
      <Filter>Source Files</Filter>
    </ClCompile>
    <ClCompile Include="Game\Tilesets\TileSetInfo.cpp">
      <Filter>Source Files</Filter>
    </ClCompile>
    <ClCompile Include="Game\Objects\In Game Objects\Grab\MakeData.cpp">
      <Filter>Source Files</Filter>
    </ClCompile>
    <ClCompile Include="Game\Level\Level.cpp">
      <Filter>Source Files</Filter>
    </ClCompile>
    <ClCompile Include="global_header.cpp">
      <Filter>Source Files</Filter>
    </ClCompile>
    <ClCompile Include="Game\Level\Make\LevelSeedData.cpp">
      <Filter>Source Files</Filter>
    </ClCompile>
    <ClCompile Include="Game\Level\Make\LockableBool.cpp">
      <Filter>Source Files</Filter>
    </ClCompile>
  </ItemGroup>
  <ItemGroup>
    <ClInclude Include="CloudberryKingdom.h">
      <Filter>Header Files</Filter>
    </ClInclude>
    <ClInclude Include="stringconverter.h">
      <Filter>Header Files</Filter>
    </ClInclude>
    <ClInclude Include="global_header.h">
      <Filter>Header Files</Filter>
    </ClInclude>
    <ClInclude Include="Game\CloudberryKingdom\CloudberryKingdom.CloudberryKingdomGame.h">
      <Filter>Header Files</Filter>
    </ClInclude>
    <ClInclude Include="Game\Collision Detection\AABox.h">
      <Filter>Header Files</Filter>
    </ClInclude>
    <ClInclude Include="Game\Collision Detection\Circle.h">
      <Filter>Header Files</Filter>
    </ClInclude>
    <ClInclude Include="Game\Collision Detection\FloatRectangle.h">
      <Filter>Header Files</Filter>
    </ClInclude>
    <ClInclude Include="Game\Collision Detection\Line.h">
      <Filter>Header Files</Filter>
    </ClInclude>
    <ClInclude Include="Game\Collision Detection\Phsx.h">
      <Filter>Header Files</Filter>
    </ClInclude>
    <ClInclude Include="Game\Games\Campaign\CampaignSequence.h">
      <Filter>Header Files</Filter>
    </ClInclude>
    <ClInclude Include="Game\Games\Campaign\FadeIn.h">
      <Filter>Header Files</Filter>
    </ClInclude>
    <ClInclude Include="Game\Games\Campaign\LevelSequence.h">
      <Filter>Header Files</Filter>
    </ClInclude>
    <ClInclude Include="Game\Games\Meta Games\Arcade Games\Escalate\Escalation.h">
      <Filter>Header Files</Filter>
    </ClInclude>
    <ClInclude Include="Game\Games\Meta Games\Arcade Games\Escalate\Escalation_Tutorial.h">
      <Filter>Header Files</Filter>
    </ClInclude>
    <ClInclude Include="Game\Games\Meta Games\Arcade Games\Rush\Hero Rush\HeroRush.h">
      <Filter>Header Files</Filter>
    </ClInclude>
    <ClInclude Include="Game\Games\Meta Games\Arcade Games\Rush\Hero Rush\HeroRush_Tutorial.h">
      <Filter>Header Files</Filter>
    </ClInclude>
    <ClInclude Include="Game\Games\Meta Games\Arcade Games\Rush\Hero Rush 2\HeroRush2.h">
      <Filter>Header Files</Filter>
    </ClInclude>
    <ClInclude Include="Game\Games\Meta Games\Arcade Games\Rush\Hero Rush 2\HeroRush2_Tutorial.h">
      <Filter>Header Files</Filter>
    </ClInclude>
    <ClInclude Include="Game\Games\Meta Games\Arcade Games\Rush\Time Crisis\TimeCrisis.h">
      <Filter>Header Files</Filter>
    </ClInclude>
    <ClInclude Include="Game\Games\Meta Games\Arcade Games\Rush\Time Crisis\TimeCrisis_Tutorial.h">
      <Filter>Header Files</Filter>
    </ClInclude>
    <ClInclude Include="Game\Games\Meta Games\Arcade Games\Rush\CoinMod.h">
      <Filter>Header Files</Filter>
    </ClInclude>
    <ClInclude Include="Game\Games\Meta Games\Arcade Games\Rush\Rush.h">
      <Filter>Header Files</Filter>
    </ClInclude>
    <ClInclude Include="Game\Games\Meta Games\Arcade Games\HeroFactory_Escalation.h">
      <Filter>Header Files</Filter>
    </ClInclude>
    <ClInclude Include="Game\Games\Meta Games\Challenges\_Regular.h">
      <Filter>Header Files</Filter>
    </ClInclude>
    <ClInclude Include="Game\Games\Meta Games\Challenges\Challenge_Base.h">
      <Filter>Header Files</Filter>
    </ClInclude>
    <ClInclude Include="Game\Games\Meta Games\StringWorlds\LevelConnector.h">
      <Filter>Header Files</Filter>
    </ClInclude>
    <ClInclude Include="Game\Games\Meta Games\StringWorlds\StringWorld.h">
      <Filter>Header Files</Filter>
    </ClInclude>
    <ClInclude Include="Game\Games\Meta Games\StringWorlds\StringWorld_Endurance.h">
      <Filter>Header Files</Filter>
    </ClInclude>
    <ClInclude Include="Game\Games\Meta Games\StringWorlds\StringWorld_Timed.h">
      <Filter>Header Files</Filter>
    </ClInclude>
    <ClInclude Include="Game\Games\ActionGame.h">
      <Filter>Header Files</Filter>
    </ClInclude>
    <ClInclude Include="Game\Games\CampaignHelper.h">
      <Filter>Header Files</Filter>
    </ClInclude>
    <ClInclude Include="Game\Games\GameType.h">
      <Filter>Header Files</Filter>
    </ClInclude>
    <ClInclude Include="Game\Games\NormalGame.h">
      <Filter>Header Files</Filter>
    </ClInclude>
    <ClInclude Include="Game\Games\ScreenSaver.h">
      <Filter>Header Files</Filter>
    </ClInclude>
    <ClInclude Include="Game\Games\ToDoItem.h">
      <Filter>Header Files</Filter>
    </ClInclude>
    <ClInclude Include="Game\Games\TutorialHelper.h">
      <Filter>Header Files</Filter>
    </ClInclude>
    <ClInclude Include="Game\Level\Make\MakePiece\MakeSingle\MakeFinalDoor.h">
      <Filter>Header Files</Filter>
    </ClInclude>
    <ClInclude Include="Game\Level\Make\MakePiece\MakeSingle\MakeFinalDoor_Float.h">
      <Filter>Header Files</Filter>
    </ClInclude>
    <ClInclude Include="Game\Level\Make\MakePiece\MakeVertical\MakeDarkBottom.h">
      <Filter>Header Files</Filter>
    </ClInclude>
    <ClInclude Include="Game\Level\Make\MakePiece\MakeVertical\MakeFinalDoor.h">
      <Filter>Header Files</Filter>
    </ClInclude>
    <ClInclude Include="Game\Level\Make\MakePiece\MakeThing.h">
      <Filter>Header Files</Filter>
    </ClInclude>
    <ClInclude Include="Game\Level\Make\Parameters\StyleData\BigData.h">
      <Filter>Header Files</Filter>
    </ClInclude>
    <ClInclude Include="Game\Level\Make\Parameters\StyleData\DownData.h">
      <Filter>Header Files</Filter>
    </ClInclude>
    <ClInclude Include="Game\Level\Make\Parameters\StyleData\OneScreenData.h">
      <Filter>Header Files</Filter>
    </ClInclude>
    <ClInclude Include="Game\Level\Make\Parameters\StyleData\SingleData.h">
      <Filter>Header Files</Filter>
    </ClInclude>
    <ClInclude Include="Game\Level\Make\Parameters\StyleData\StyleData.h">
      <Filter>Header Files</Filter>
    </ClInclude>
    <ClInclude Include="Game\Level\Make\Parameters\StyleData\UpData.h">
      <Filter>Header Files</Filter>
    </ClInclude>
    <ClInclude Include="Game\Level\Make\Parameters\LevelGenData.h">
      <Filter>Header Files</Filter>
    </ClInclude>
    <ClInclude Include="Game\Level\Make\Parameters\Param.h">
      <Filter>Header Files</Filter>
    </ClInclude>
    <ClInclude Include="Game\Level\Make\Parameters\PresetDifficulties.h">
      <Filter>Header Files</Filter>
    </ClInclude>
    <ClInclude Include="Game\Level\Make\Parameters\RandomDifficulty.h">
      <Filter>Header Files</Filter>
    </ClInclude>
    <ClInclude Include="Game\Level\Make\Parameters\Upgrades.h">
      <Filter>Header Files</Filter>
    </ClInclude>
    <ClInclude Include="Game\Level\Make\Tools\Tunnel.h">
      <Filter>Header Files</Filter>
    </ClInclude>
    <ClInclude Include="Game\Level\Make\ComputerRecording.h">
      <Filter>Header Files</Filter>
    </ClInclude>
    <ClInclude Include="Game\Level\Make\DifficultyGroups.h">
      <Filter>Header Files</Filter>
    </ClInclude>
    <ClInclude Include="Game\Level\Make\DifficultyHelper.h">
      <Filter>Header Files</Filter>
    </ClInclude>
    <ClInclude Include="Game\Level\Make\Generators.h">
      <Filter>Header Files</Filter>
    </ClInclude>
    <ClInclude Include="Game\Level\Make\PieceSeedData.h">
      <Filter>Header Files</Filter>
    </ClInclude>
    <ClInclude Include="Game\Level\Replays\Recording.h">
      <Filter>Header Files</Filter>
    </ClInclude>
    <ClInclude Include="Game\Level\Replays\ReplayGUI.h">
      <Filter>Header Files</Filter>
    </ClInclude>
    <ClInclude Include="Game\Level\Replays\SwarmBundle.h">
      <Filter>Header Files</Filter>
    </ClInclude>
    <ClInclude Include="Game\Level\Replays\SwarmRecord.h">
      <Filter>Header Files</Filter>
    </ClInclude>
    <ClInclude Include="Game\Level\ClosingCircle.h">
      <Filter>Header Files</Filter>
    </ClInclude>
    <ClInclude Include="Game\Level\LevelPiece.h">
      <Filter>Header Files</Filter>
    </ClInclude>
    <ClInclude Include="Game\Menus\Concrete Menus\CharacterSelect\ArrowMenu.h">
      <Filter>Header Files</Filter>
    </ClInclude>
    <ClInclude Include="Game\Menus\Concrete Menus\CharacterSelect\Backdrop.h">
      <Filter>Header Files</Filter>
    </ClInclude>
    <ClInclude Include="Game\Menus\Concrete Menus\CharacterSelect\CharacterSelect.h">
      <Filter>Header Files</Filter>
    </ClInclude>
    <ClInclude Include="Game\Menus\Concrete Menus\CharacterSelect\CharSelectManager.h">
      <Filter>Header Files</Filter>
    </ClInclude>
    <ClInclude Include="Game\Menus\Concrete Menus\CharacterSelect\ColorSelect.h">
      <Filter>Header Files</Filter>
    </ClInclude>
    <ClInclude Include="Game\Menus\Concrete Menus\CharacterSelect\CustomizeMenu.h">
      <Filter>Header Files</Filter>
    </ClInclude>
    <ClInclude Include="Game\Menus\Concrete Menus\CharacterSelect\Doll.h">
      <Filter>Header Files</Filter>
    </ClInclude>
    <ClInclude Include="Game\Menus\Concrete Menus\CharacterSelect\GamerTag.h">
      <Filter>Header Files</Filter>
    </ClInclude>
    <ClInclude Include="Game\Menus\Concrete Menus\CharacterSelect\HeroLevel.h">
      <Filter>Header Files</Filter>
    </ClInclude>
    <ClInclude Include="Game\Menus\Concrete Menus\CharacterSelect\JoinText.h">
      <Filter>Header Files</Filter>
    </ClInclude>
    <ClInclude Include="Game\Menus\Concrete Menus\CharacterSelect\SignInChoiceMenu.h">
      <Filter>Header Files</Filter>
    </ClInclude>
    <ClInclude Include="Game\Menus\Concrete Menus\CharacterSelect\SimpleMenu.h">
      <Filter>Header Files</Filter>
    </ClInclude>
    <ClInclude Include="Game\Menus\Concrete Menus\CharacterSelect\Waiting.h">
      <Filter>Header Files</Filter>
    </ClInclude>
    <ClInclude Include="Game\Menus\Concrete Menus\Help\HelpBlurb.h">
      <Filter>Header Files</Filter>
    </ClInclude>
    <ClInclude Include="Game\Menus\Concrete Menus\Help\HelpMenu.h">
      <Filter>Header Files</Filter>
    </ClInclude>
    <ClInclude Include="Game\Menus\Concrete Menus\Help\HintBlurb.h">
      <Filter>Header Files</Filter>
    </ClInclude>
    <ClInclude Include="Game\Menus\Concrete Menus\Help\HintGiver.h">
      <Filter>Header Files</Filter>
    </ClInclude>
    <ClInclude Include="Game\Menus\Concrete Menus\InGameStartMenus\Sub Menus\ControlScreen.h">
      <Filter>Header Files</Filter>
    </ClInclude>
    <ClInclude Include="Game\Menus\Concrete Menus\InGameStartMenus\Sub Menus\CustomControls.h">
      <Filter>Header Files</Filter>
    </ClInclude>
    <ClInclude Include="Game\Menus\Concrete Menus\InGameStartMenus\Sub Menus\LoadSeedAs.h">
      <Filter>Header Files</Filter>
    </ClInclude>
    <ClInclude Include="Game\Menus\Concrete Menus\InGameStartMenus\Sub Menus\SaveLoadSeedMenu.h">
      <Filter>Header Files</Filter>
    </ClInclude>
    <ClInclude Include="Game\Menus\Concrete Menus\InGameStartMenus\Sub Menus\SaveSeedAs.h">
      <Filter>Header Files</Filter>
    </ClInclude>
    <ClInclude Include="Game\Menus\Concrete Menus\InGameStartMenus\Verify\AlertBase.h">
      <Filter>Header Files</Filter>
    </ClInclude>
    <ClInclude Include="Game\Menus\Concrete Menus\InGameStartMenus\Verify\VerifyBase.h">
      <Filter>Header Files</Filter>
    </ClInclude>
    <ClInclude Include="Game\Menus\Concrete Menus\InGameStartMenus\Verify\VerifyDeleteSeeds.h">
      <Filter>Header Files</Filter>
    </ClInclude>
    <ClInclude Include="Game\Menus\Concrete Menus\InGameStartMenus\Verify\VerifyQuitLevel.h">
      <Filter>Header Files</Filter>
    </ClInclude>
    <ClInclude Include="Game\Menus\Concrete Menus\InGameStartMenus\Verify\VerifyRemove.h">
      <Filter>Header Files</Filter>
    </ClInclude>
    <ClInclude Include="Game\Menus\Concrete Menus\InGameStartMenus\InGameStartMenu.h">
      <Filter>Header Files</Filter>
    </ClInclude>
    <ClInclude Include="Game\Menus\Concrete Menus\Loading Screen\ILoadingScreen.h">
      <Filter>Header Files</Filter>
    </ClInclude>
    <ClInclude Include="Game\Menus\Concrete Menus\Loading Screen\Loading.h">
      <Filter>Header Files</Filter>
    </ClInclude>
    <ClInclude Include="Game\Menus\Concrete Menus\Loading Screen\LoadingScreen.h">
      <Filter>Header Files</Filter>
    </ClInclude>
    <ClInclude Include="Game\Menus\Concrete Menus\Score Screens\ScoreDatabase.h">
      <Filter>Header Files</Filter>
    </ClInclude>
    <ClInclude Include="Game\Menus\Concrete Menus\Score Screens\ScoreEntry.h">
      <Filter>Header Files</Filter>
    </ClInclude>
    <ClInclude Include="Game\Menus\Concrete Menus\Score Screens\ScoreList.h">
      <Filter>Header Files</Filter>
    </ClInclude>
    <ClInclude Include="Game\Menus\Concrete Menus\Score Screens\ScoreScreen.h">
      <Filter>Header Files</Filter>
    </ClInclude>
    <ClInclude Include="Game\Menus\Concrete Menus\Score Screens\StatsScreen.h">
      <Filter>Header Files</Filter>
    </ClInclude>
    <ClInclude Include="Game\Menus\Concrete Menus\Title Screen\Arcade\Hero Select\Doll.h">
      <Filter>Header Files</Filter>
    </ClInclude>
    <ClInclude Include="Game\Menus\Concrete Menus\Title Screen\Arcade\Hero Select\HeroSelectOptions.h">
      <Filter>Header Files</Filter>
    </ClInclude>
    <ClInclude Include="Game\Menus\Concrete Menus\Title Screen\Arcade\Hero Select\StartMenu_MW_HeroSelect.h">
      <Filter>Header Files</Filter>
    </ClInclude>
    <ClInclude Include="Game\Menus\Concrete Menus\Title Screen\Arcade\ArcadeMenu.h">
      <Filter>Header Files</Filter>
    </ClInclude>
    <ClInclude Include="Game\Menus\Concrete Menus\Title Screen\Arcade\StartLevelMenu.h">
      <Filter>Header Files</Filter>
    </ClInclude>
    <ClInclude Include="Game\Menus\Concrete Menus\Title Screen\Arcade\StartMenu_MW_Arcade.h">
      <Filter>Header Files</Filter>
    </ClInclude>
    <ClInclude Include="Game\Menus\Concrete Menus\Title Screen\Freeplay\CustomHero_GUI.h">
      <Filter>Header Files</Filter>
    </ClInclude>
    <ClInclude Include="Game\Menus\Concrete Menus\Title Screen\Freeplay\CustomLevel_GUI.h">
      <Filter>Header Files</Filter>
    </ClInclude>
    <ClInclude Include="Game\Menus\Concrete Menus\Title Screen\Freeplay\CustomUpgrades_GUI.h">
      <Filter>Header Files</Filter>
    </ClInclude>
    <ClInclude Include="Game\Menus\Concrete Menus\Title Screen\Freeplay\LengthSlider.h">
      <Filter>Header Files</Filter>
    </ClInclude>
    <ClInclude Include="Game\Menus\Concrete Menus\Title Screen\Freeplay\PhsxSlider.h">
      <Filter>Header Files</Filter>
    </ClInclude>
    <ClInclude Include="Game\Menus\Concrete Menus\Title Screen\Freeplay\SavedSeedsGUI.h">
      <Filter>Header Files</Filter>
    </ClInclude>
    <ClInclude Include="Game\Menus\Concrete Menus\Title Screen\Story\StartMenu_MW_Campaign.h">
      <Filter>Header Files</Filter>
    </ClInclude>
    <ClInclude Include="Game\Menus\Concrete Menus\Title Screen\Story\StartMenu_MW_Cinematics.h">
      <Filter>Header Files</Filter>
    </ClInclude>
    <ClInclude Include="Game\Menus\Concrete Menus\Title Screen\Sub Menus\SoundMenu.h">
      <Filter>Header Files</Filter>
    </ClInclude>
    <ClInclude Include="Game\Menus\Concrete Menus\Title Screen\Sub Menus\VerifyQuitGame.h">
      <Filter>Header Files</Filter>
    </ClInclude>
    <ClInclude Include="Game\Menus\Concrete Menus\Title Screen\StartMenu.h">
      <Filter>Header Files</Filter>
    </ClInclude>
    <ClInclude Include="Game\Menus\Concrete Menus\Title Screen\StartMenu_MW.h">
      <Filter>Header Files</Filter>
    </ClInclude>
    <ClInclude Include="Game\Menus\Concrete Menus\Title Screen\StartMenu_MW_Backpanel.h">
      <Filter>Header Files</Filter>
    </ClInclude>
    <ClInclude Include="Game\Menus\Concrete Menus\Title Screen\StartMenu_MW_Black.h">
      <Filter>Header Files</Filter>
    </ClInclude>
    <ClInclude Include="Game\Menus\Concrete Menus\Title Screen\StartMenu_MW_CustomLevel.h">
      <Filter>Header Files</Filter>
    </ClInclude>
    <ClInclude Include="Game\Menus\Concrete Menus\Title Screen\StartMenu_MW_Exit.h">
      <Filter>Header Files</Filter>
    </ClInclude>
    <ClInclude Include="Game\Menus\Concrete Menus\Title Screen\StartMenu_MW_Options.h">
      <Filter>Header Files</Filter>
    </ClInclude>
    <ClInclude Include="Game\Menus\Concrete Menus\Title Screen\StartMenu_MW_PressStart.h">
      <Filter>Header Files</Filter>
    </ClInclude>
    <ClInclude Include="Game\Menus\Concrete Menus\Title Screen\TitleGame_MW.h">
      <Filter>Header Files</Filter>
    </ClInclude>
    <ClInclude Include="Game\Menus\Concrete Menus\Title Screen\TitleGameBase.h">
      <Filter>Header Files</Filter>
    </ClInclude>
    <ClInclude Include="Game\Menus\Concrete Menus\ShopMenu.h">
      <Filter>Header Files</Filter>
    </ClInclude>
    <ClInclude Include="Game\Menus\Menu Components\MenuItem.h">
      <Filter>Header Files</Filter>
    </ClInclude>
    <ClInclude Include="Game\Menus\Menu Components\MenuList.h">
      <Filter>Header Files</Filter>
    </ClInclude>
    <ClInclude Include="Game\Menus\Menu Components\MenuListAll.h">
      <Filter>Header Files</Filter>
    </ClInclude>
    <ClInclude Include="Game\Menus\Menu Components\MenuListExpand.h">
      <Filter>Header Files</Filter>
    </ClInclude>
    <ClInclude Include="Game\Menus\Menu Components\MenuScrollBar.h">
      <Filter>Header Files</Filter>
    </ClInclude>
    <ClInclude Include="Game\Menus\Menu Components\MenuSlider.h">
      <Filter>Header Files</Filter>
    </ClInclude>
    <ClInclude Include="Game\Menus\Menu Components\MenuSliderBase.h">
      <Filter>Header Files</Filter>
    </ClInclude>
    <ClInclude Include="Game\Menus\Menu Components\MenuSliderNoSlide.h">
      <Filter>Header Files</Filter>
    </ClInclude>
    <ClInclude Include="Game\Menus\Menu Components\MenuToggle.h">
      <Filter>Header Files</Filter>
    </ClInclude>
    <ClInclude Include="Game\Menus\Menu Components\ScrollBar.h">
      <Filter>Header Files</Filter>
    </ClInclude>
    <ClInclude Include="Game\Menus\CkBaseMenu.h">
      <Filter>Header Files</Filter>
    </ClInclude>
    <ClInclude Include="Game\Menus\LongMenu.h">
      <Filter>Header Files</Filter>
    </ClInclude>
    <ClInclude Include="Game\Menus\Menu.h">
      <Filter>Header Files</Filter>
    </ClInclude>
    <ClInclude Include="Game\Menus\MiniMenu.h">
      <Filter>Header Files</Filter>
    </ClInclude>
    <ClInclude Include="Game\Objects\Bob\Bob.h">
      <Filter>Header Files</Filter>
    </ClInclude>
    <ClInclude Include="Game\Objects\Bob\BobInput.h">
      <Filter>Header Files</Filter>
    </ClInclude>
    <ClInclude Include="Game\Objects\Bob\BobLink.h">
      <Filter>Header Files</Filter>
    </ClInclude>
    <ClInclude Include="Game\Objects\Door\Door.h">
      <Filter>Header Files</Filter>
    </ClInclude>
    <ClInclude Include="Game\Objects\Door\PressNote.h">
      <Filter>Header Files</Filter>
    </ClInclude>
    <ClInclude Include="Game\Objects\Game Objects\GameObjects\End\GameOverPanel.h">
      <Filter>Header Files</Filter>
    </ClInclude>
    <ClInclude Include="Game\Objects\Game Objects\GameObjects\End\HighScorePanel.h">
      <Filter>Header Files</Filter>
    </ClInclude>
    <ClInclude Include="Game\Objects\Game Objects\GameObjects\Cheer.h">
      <Filter>Header Files</Filter>
    </ClInclude>
    <ClInclude Include="Game\Objects\Game Objects\GameObjects\CoinScoreMultiplierObject.h">
      <Filter>Header Files</Filter>
    </ClInclude>
    <ClInclude Include="Game\Objects\Game Objects\GameObjects\DoorIcon.h">
      <Filter>Header Files</Filter>
    </ClInclude>
    <ClInclude Include="Game\Objects\Game Objects\GameObjects\ExplodeBobs.h">
      <Filter>Header Files</Filter>
    </ClInclude>
    <ClInclude Include="Game\Objects\Game Objects\GameObjects\GUI_Blobs.h">
      <Filter>Header Files</Filter>
    </ClInclude>
    <ClInclude Include="Game\Objects\Game Objects\GameObjects\GUI_Level.h">
      <Filter>Header Files</Filter>
    </ClInclude>
    <ClInclude Include="Game\Objects\Game Objects\GameObjects\GUI_Lives.h">
      <Filter>Header Files</Filter>
    </ClInclude>
    <ClInclude Include="Game\Objects\Game Objects\GameObjects\GUI_LivesLeft.h">
      <Filter>Header Files</Filter>
    </ClInclude>
    <ClInclude Include="Game\Objects\Game Objects\GameObjects\GUI_Multiplier.h">
      <Filter>Header Files</Filter>
    </ClInclude>
    <ClInclude Include="Game\Objects\Game Objects\GameObjects\GUI_NextLife.h">
      <Filter>Header Files</Filter>
    </ClInclude>
    <ClInclude Include="Game\Objects\Game Objects\GameObjects\GUI_Panel.h">
      <Filter>Header Files</Filter>
    </ClInclude>
    <ClInclude Include="Game\Objects\Game Objects\GameObjects\GUI_Score.h">
      <Filter>Header Files</Filter>
    </ClInclude>
    <ClInclude Include="Game\Objects\Game Objects\GameObjects\GUI_Text.h">
      <Filter>Header Files</Filter>
    </ClInclude>
    <ClInclude Include="Game\Objects\Game Objects\GameObjects\GUI_TextBox.h">
      <Filter>Header Files</Filter>
    </ClInclude>
    <ClInclude Include="Game\Objects\Game Objects\GameObjects\GUI_Timer.h">
      <Filter>Header Files</Filter>
    </ClInclude>
    <ClInclude Include="Game\Objects\Game Objects\GameObjects\GUI_Timer_Base.h">
      <Filter>Header Files</Filter>
    </ClInclude>
    <ClInclude Include="Game\Objects\Game Objects\GameObjects\GUI_Timer_Simple.h">
      <Filter>Header Files</Filter>
    </ClInclude>
    <ClInclude Include="Game\Objects\Game Objects\GameObjects\Guide.h">
      <Filter>Header Files</Filter>
    </ClInclude>
    <ClInclude Include="Game\Objects\Game Objects\GameObjects\LevelTitle.h">
      <Filter>Header Files</Filter>
    </ClInclude>
    <ClInclude Include="Game\Objects\Game Objects\GameObjects\Listener.h">
      <Filter>Header Files</Filter>
    </ClInclude>
    <ClInclude Include="Game\Objects\Game Objects\GameObjects\MultiplierUp.h">
      <Filter>Header Files</Filter>
    </ClInclude>
    <ClInclude Include="Game\Objects\Game Objects\GameObjects\NewHero.h">
      <Filter>Header Files</Filter>
    </ClInclude>
    <ClInclude Include="Game\Objects\Game Objects\GameObjects\PerfectScoreObject.h">
      <Filter>Header Files</Filter>
    </ClInclude>
    <ClInclude Include="Game\Objects\Game Objects\GameObjects\Region.h">
      <Filter>Header Files</Filter>
    </ClInclude>
    <ClInclude Include="Game\Objects\Game Objects\GameObjects\Rumble.h">
      <Filter>Header Files</Filter>
    </ClInclude>
    <ClInclude Include="Game\Objects\Game Objects\GameObjects\SlowMo.h">
      <Filter>Header Files</Filter>
    </ClInclude>
    <ClInclude Include="Game\Objects\Game Objects\GameObjects\SuperCheer.h">
      <Filter>Header Files</Filter>
    </ClInclude>
    <ClInclude Include="Game\Objects\Game Objects\GameObjects\TimerWarning.h">
      <Filter>Header Files</Filter>
    </ClInclude>
    <ClInclude Include="Game\Objects\Game Objects\GameObject.h">
      <Filter>Header Files</Filter>
    </ClInclude>
    <ClInclude Include="Game\Objects\Game Objects\Template_GameObject.h">
      <Filter>Header Files</Filter>
    </ClInclude>
    <ClInclude Include="Game\Objects\In Game Objects\BaseClasses\_BoxDeath.h">
      <Filter>Header Files</Filter>
    </ClInclude>
    <ClInclude Include="Game\Objects\In Game Objects\BaseClasses\_CircleDeath.h">
      <Filter>Header Files</Filter>
    </ClInclude>
    <ClInclude Include="Game\Objects\In Game Objects\BaseClasses\_Death.h">
      <Filter>Header Files</Filter>
    </ClInclude>
    <ClInclude Include="Game\Objects\In Game Objects\BaseClasses\_LineDeath.h">
      <Filter>Header Files</Filter>
    </ClInclude>
    <ClInclude Include="Game\Objects\In Game Objects\BaseClasses\_Obstacle.h">
      <Filter>Header Files</Filter>
    </ClInclude>
    <ClInclude Include="Game\Objects\In Game Objects\Blocks\Block.h">
      <Filter>Header Files</Filter>
    </ClInclude>
    <ClInclude Include="Game\Objects\In Game Objects\Blocks\BouncyBlock.h">
      <Filter>Header Files</Filter>
    </ClInclude>
    <ClInclude Include="Game\Objects\In Game Objects\Blocks\BouncyBlock__Auto.h">
      <Filter>Header Files</Filter>
    </ClInclude>
    <ClInclude Include="Game\Objects\In Game Objects\Blocks\Ceiling__Auto.h">
      <Filter>Header Files</Filter>
    </ClInclude>
    <ClInclude Include="Game\Objects\In Game Objects\Blocks\Conveyor.h">
      <Filter>Header Files</Filter>
    </ClInclude>
    <ClInclude Include="Game\Objects\In Game Objects\Blocks\Conveyor__Auto.h">
      <Filter>Header Files</Filter>
    </ClInclude>
    <ClInclude Include="Game\Objects\In Game Objects\Blocks\FallingBlock.h">
      <Filter>Header Files</Filter>
    </ClInclude>
    <ClInclude Include="Game\Objects\In Game Objects\Blocks\FallingBlock__Auto.h">
      <Filter>Header Files</Filter>
    </ClInclude>
    <ClInclude Include="Game\Objects\In Game Objects\Blocks\GhostBlock.h">
      <Filter>Header Files</Filter>
    </ClInclude>
    <ClInclude Include="Game\Objects\In Game Objects\Blocks\GhostBlock__Auto.h">
      <Filter>Header Files</Filter>
    </ClInclude>
    <ClInclude Include="Game\Objects\In Game Objects\Blocks\Lava.h">
      <Filter>Header Files</Filter>
    </ClInclude>
    <ClInclude Include="Game\Objects\In Game Objects\Blocks\Lava_Castle.h">
      <Filter>Header Files</Filter>
    </ClInclude>
    <ClInclude Include="Game\Objects\In Game Objects\Blocks\MovingBlock.h">
      <Filter>Header Files</Filter>
    </ClInclude>
    <ClInclude Include="Game\Objects\In Game Objects\Blocks\MovingBlock__Auto.h">
      <Filter>Header Files</Filter>
    </ClInclude>
    <ClInclude Include="Game\Objects\In Game Objects\Blocks\MovingPlatform.h">
      <Filter>Header Files</Filter>
    </ClInclude>
    <ClInclude Include="Game\Objects\In Game Objects\Blocks\NormalBlock.h">
      <Filter>Header Files</Filter>
    </ClInclude>
    <ClInclude Include="Game\Objects\In Game Objects\Blocks\NormalBlock__Auto.h">
      <Filter>Header Files</Filter>
    </ClInclude>
    <ClInclude Include="Game\Objects\In Game Objects\Blocks\NormalBlockDraw.h">
      <Filter>Header Files</Filter>
    </ClInclude>
    <ClInclude Include="Game\Objects\In Game Objects\Blocks\Pendulum.h">
      <Filter>Header Files</Filter>
    </ClInclude>
    <ClInclude Include="Game\Objects\In Game Objects\Blocks\Pendulum__Auto.h">
      <Filter>Header Files</Filter>
    </ClInclude>
    <ClInclude Include="Game\Objects\In Game Objects\Blocks\Wall.h">
      <Filter>Header Files</Filter>
    </ClInclude>
    <ClInclude Include="Game\Objects\In Game Objects\Grab\Checkpoint.h">
      <Filter>Header Files</Filter>
    </ClInclude>
    <ClInclude Include="Game\Objects\In Game Objects\Grab\Coin.h">
      <Filter>Header Files</Filter>
    </ClInclude>
    <ClInclude Include="Game\Objects\In Game Objects\Grab\Coin__Auto.h">
      <Filter>Header Files</Filter>
    </ClInclude>
    <ClInclude Include="Game\Objects\In Game Objects\Obstacles\BlockEmitter.h">
      <Filter>Header Files</Filter>
    </ClInclude>
    <ClInclude Include="Game\Objects\In Game Objects\Obstacles\BlockEmitter__Auto.h">
      <Filter>Header Files</Filter>
    </ClInclude>
    <ClInclude Include="Game\Objects\In Game Objects\Obstacles\Boulder.h">
      <Filter>Header Files</Filter>
    </ClInclude>
    <ClInclude Include="Game\Objects\In Game Objects\Obstacles\Boulder__Auto.h">
      <Filter>Header Files</Filter>
    </ClInclude>
    <ClInclude Include="Game\Objects\In Game Objects\Obstacles\Cloud.h">
      <Filter>Header Files</Filter>
    </ClInclude>
    <ClInclude Include="Game\Objects\In Game Objects\Obstacles\Cloud__Auto.h">
      <Filter>Header Files</Filter>
    </ClInclude>
    <ClInclude Include="Game\Objects\In Game Objects\Obstacles\CloudberryKingdom.Fireball.h">
      <Filter>Header Files</Filter>
    </ClInclude>
    <ClInclude Include="Game\Objects\In Game Objects\Obstacles\CloudberryKingdom.Firesnake.h">
      <Filter>Header Files</Filter>
    </ClInclude>
    <ClInclude Include="Game\Objects\In Game Objects\Obstacles\Fireball__Auto.h">
      <Filter>Header Files</Filter>
    </ClInclude>
    <ClInclude Include="Game\Objects\In Game Objects\Obstacles\Firesnake__Auto.h">
      <Filter>Header Files</Filter>
    </ClInclude>
    <ClInclude Include="Game\Objects\In Game Objects\Obstacles\FireSpinner.h">
      <Filter>Header Files</Filter>
    </ClInclude>
    <ClInclude Include="Game\Objects\In Game Objects\Obstacles\FireSpinner__Auto.h">
      <Filter>Header Files</Filter>
    </ClInclude>
    <ClInclude Include="Game\Objects\In Game Objects\Obstacles\FlyingBlob.h">
      <Filter>Header Files</Filter>
    </ClInclude>
    <ClInclude Include="Game\Objects\In Game Objects\Obstacles\FlyingBlob__Auto.h">
      <Filter>Header Files</Filter>
    </ClInclude>
    <ClInclude Include="Game\Objects\In Game Objects\Obstacles\Laser.h">
      <Filter>Header Files</Filter>
    </ClInclude>
    <ClInclude Include="Game\Objects\In Game Objects\Obstacles\Laser__Auto.h">
      <Filter>Header Files</Filter>
    </ClInclude>
    <ClInclude Include="Game\Objects\In Game Objects\Obstacles\LavaDrip.h">
      <Filter>Header Files</Filter>
    </ClInclude>
    <ClInclude Include="Game\Objects\In Game Objects\Obstacles\LavaDrip__Auto.h">
      <Filter>Header Files</Filter>
    </ClInclude>
    <ClInclude Include="Game\Objects\In Game Objects\Obstacles\Serpent.h">
      <Filter>Header Files</Filter>
    </ClInclude>
    <ClInclude Include="Game\Objects\In Game Objects\Obstacles\Serpent__Auto.h">
      <Filter>Header Files</Filter>
    </ClInclude>
    <ClInclude Include="Game\Objects\In Game Objects\Obstacles\Spike.h">
      <Filter>Header Files</Filter>
    </ClInclude>
    <ClInclude Include="Game\Objects\In Game Objects\Obstacles\Spike__Auto.h">
      <Filter>Header Files</Filter>
    </ClInclude>
    <ClInclude Include="Game\Objects\In Game Objects\Obstacles\SpikeyGuy.h">
      <Filter>Header Files</Filter>
    </ClInclude>
    <ClInclude Include="Game\Objects\In Game Objects\Obstacles\SpikeyGuy__Auto.h">
      <Filter>Header Files</Filter>
    </ClInclude>
    <ClInclude Include="Game\Objects\In Game Objects\Obstacles\SpikeyLine.h">
      <Filter>Header Files</Filter>
    </ClInclude>
    <ClInclude Include="Game\Objects\In Game Objects\Obstacles\SpikeyLine__Auto.h">
      <Filter>Header Files</Filter>
    </ClInclude>
    <ClInclude Include="Game\Objects\Special\Arrow.h">
      <Filter>Header Files</Filter>
    </ClInclude>
    <ClInclude Include="Game\Objects\Special\CameraZone.h">
      <Filter>Header Files</Filter>
    </ClInclude>
    <ClInclude Include="Game\Objects\Special\TextFloat.h">
      <Filter>Header Files</Filter>
    </ClInclude>
    <ClInclude Include="Game\Objects\Special\TextList.h">
      <Filter>Header Files</Filter>
    </ClInclude>
    <ClInclude Include="Game\Objects\Special\ZoneTrigger.h">
      <Filter>Header Files</Filter>
    </ClInclude>
    <ClInclude Include="Game\Objects\AutoGen.h">
      <Filter>Header Files</Filter>
    </ClInclude>
    <ClInclude Include="Game\Objects\IBounded.h">
      <Filter>Header Files</Filter>
    </ClInclude>
    <ClInclude Include="Game\Objects\Icon.h">
      <Filter>Header Files</Filter>
    </ClInclude>
    <ClInclude Include="Game\Objects\IPrepareToDraw.h">
      <Filter>Header Files</Filter>
    </ClInclude>
    <ClInclude Include="Game\Objects\ObjectBase.h">
      <Filter>Header Files</Filter>
    </ClInclude>
    <ClInclude Include="Game\Player\Awardments\Awardment.h">
      <Filter>Header Files</Filter>
    </ClInclude>
    <ClInclude Include="Game\Player\Awardments\AwardmentMessage.h">
      <Filter>Header Files</Filter>
    </ClInclude>
    <ClInclude Include="Game\Player\Hero Physics\Base.h">
      <Filter>Header Files</Filter>
    </ClInclude>
    <ClInclude Include="Game\Player\Hero Physics\Big.h">
      <Filter>Header Files</Filter>
    </ClInclude>
    <ClInclude Include="Game\Player\Hero Physics\BobPhsxCharSelect.h">
      <Filter>Header Files</Filter>
    </ClInclude>
    <ClInclude Include="Game\Player\Hero Physics\Bouncy.h">
      <Filter>Header Files</Filter>
    </ClInclude>
    <ClInclude Include="Game\Player\Hero Physics\Box.h">
      <Filter>Header Files</Filter>
    </ClInclude>
    <ClInclude Include="Game\Player\Hero Physics\Double.h">
      <Filter>Header Files</Filter>
    </ClInclude>
    <ClInclude Include="Game\Player\Hero Physics\Invert.h">
      <Filter>Header Files</Filter>
    </ClInclude>
    <ClInclude Include="Game\Player\Hero Physics\Jetman.h">
      <Filter>Header Files</Filter>
    </ClInclude>
    <ClInclude Include="Game\Player\Hero Physics\Meat.h">
      <Filter>Header Files</Filter>
    </ClInclude>
    <ClInclude Include="Game\Player\Hero Physics\Normal.h">
      <Filter>Header Files</Filter>
    </ClInclude>
    <ClInclude Include="Game\Player\Hero Physics\Random.h">
      <Filter>Header Files</Filter>
    </ClInclude>
    <ClInclude Include="Game\Player\Hero Physics\Rocketbox.h">
      <Filter>Header Files</Filter>
    </ClInclude>
    <ClInclude Include="Game\Player\Hero Physics\Scale.h">
      <Filter>Header Files</Filter>
    </ClInclude>
    <ClInclude Include="Game\Player\Hero Physics\Small.h">
      <Filter>Header Files</Filter>
    </ClInclude>
    <ClInclude Include="Game\Player\Hero Physics\Spaceship.h">
      <Filter>Header Files</Filter>
    </ClInclude>
    <ClInclude Include="Game\Player\Hero Physics\Time.h">
      <Filter>Header Files</Filter>
    </ClInclude>
    <ClInclude Include="Game\Player\Hero Physics\Wheel.h">
      <Filter>Header Files</Filter>
    </ClInclude>
    <ClInclude Include="Game\Player\Cape.h">
      <Filter>Header Files</Filter>
    </ClInclude>
    <ClInclude Include="Game\Player\ClrTextFx.h">
      <Filter>Header Files</Filter>
    </ClInclude>
    <ClInclude Include="Game\Player\ColorScheme.h">
      <Filter>Header Files</Filter>
    </ClInclude>
    <ClInclude Include="Game\Player\ColorSchemeManager.h">
      <Filter>Header Files</Filter>
    </ClInclude>
    <ClInclude Include="Game\Player\PlayerData.h">
      <Filter>Header Files</Filter>
    </ClInclude>
    <ClInclude Include="Game\Player\PlayerManager.h">
      <Filter>Header Files</Filter>
    </ClInclude>
    <ClInclude Include="Game\Player\SavedSeeds.h">
      <Filter>Header Files</Filter>
    </ClInclude>
    <ClInclude Include="Game\Player\Stats.h">
      <Filter>Header Files</Filter>
    </ClInclude>
    <ClInclude Include="Game\Tilesets\Backgrounds\_Code\_code_Castle.h">
      <Filter>Header Files</Filter>
    </ClInclude>
    <ClInclude Include="Game\Tilesets\Backgrounds\_Code\_code_Cave.h">
      <Filter>Header Files</Filter>
    </ClInclude>
    <ClInclude Include="Game\Tilesets\Backgrounds\_Code\_code_Cloud.h">
      <Filter>Header Files</Filter>
    </ClInclude>
    <ClInclude Include="Game\Tilesets\Backgrounds\_Code\_code_Forest.h">
      <Filter>Header Files</Filter>
    </ClInclude>
    <ClInclude Include="Game\Tilesets\Backgrounds\_Code\_code_Hills.h">
      <Filter>Header Files</Filter>
    </ClInclude>
    <ClInclude Include="Game\Tilesets\Backgrounds\_Code\_code_Sea.h">
      <Filter>Header Files</Filter>
    </ClInclude>
    <ClInclude Include="Game\Tilesets\Backgrounds\_Code\CloudberryKingdom.Background.h">
      <Filter>Header Files</Filter>
    </ClInclude>
    <ClInclude Include="Game\Tilesets\Backgrounds\Background.h">
      <Filter>Header Files</Filter>
    </ClInclude>
    <ClInclude Include="Game\Tilesets\Backgrounds\BackgroundCollection.h">
      <Filter>Header Files</Filter>
    </ClInclude>
    <ClInclude Include="Game\Tilesets\Backgrounds\BackgroundFloater.h">
      <Filter>Header Files</Filter>
    </ClInclude>
    <ClInclude Include="Game\Tilesets\Backgrounds\BackgroundFloater_Stationary.h">
      <Filter>Header Files</Filter>
    </ClInclude>
    <ClInclude Include="Game\Tilesets\Backgrounds\BackgroundFloaterList.h">
      <Filter>Header Files</Filter>
    </ClInclude>
    <ClInclude Include="Game\Tilesets\Tilesets\CloudberryKingdom.TileSets.h">
      <Filter>Header Files</Filter>
    </ClInclude>
    <ClInclude Include="Game\Tilesets\BlockGroup.h">
      <Filter>Header Files</Filter>
    </ClInclude>
    <ClInclude Include="Game\Tilesets\SpriteInfo.h">
      <Filter>Header Files</Filter>
    </ClInclude>
    <ClInclude Include="Game\Tilesets\TileSet.h">
      <Filter>Header Files</Filter>
    </ClInclude>
    <ClInclude Include="Game\Tools\Camera.h">
      <Filter>Header Files</Filter>
    </ClInclude>
    <ClInclude Include="Game\Tools\CkColorHelper.h">
      <Filter>Header Files</Filter>
    </ClInclude>
    <ClInclude Include="Game\Tools\EzReader.h">
      <Filter>Header Files</Filter>
    </ClInclude>
    <ClInclude Include="Game\Tools\EzStorage.h">
      <Filter>Header Files</Filter>
    </ClInclude>
    <ClInclude Include="Game\Tools\Globals.h">
      <Filter>Header Files</Filter>
    </ClInclude>
    <ClInclude Include="Game\Tools\IntVector2.h">
      <Filter>Header Files</Filter>
    </ClInclude>
    <ClInclude Include="Game\Tools\Oscillate.h">
      <Filter>Header Files</Filter>
    </ClInclude>
    <ClInclude Include="Game\Tools\Prototypes.h">
      <Filter>Header Files</Filter>
    </ClInclude>
    <ClInclude Include="Game\Tools\Recycler.h">
      <Filter>Header Files</Filter>
    </ClInclude>
    <ClInclude Include="Game\Tools\Resources.h">
      <Filter>Header Files</Filter>
    </ClInclude>
    <ClInclude Include="Game\Tools\Tools.h">
      <Filter>Header Files</Filter>
    </ClInclude>
    <ClInclude Include="Game\Tools\Unset.h">
      <Filter>Header Files</Filter>
    </ClInclude>
    <ClInclude Include="Game\Tools\WrappedFloat.h">
      <Filter>Header Files</Filter>
    </ClInclude>
    <ClInclude Include="Game\Localization.h">
      <Filter>Header Files</Filter>
    </ClInclude>
    <ClInclude Include="Game\Video.h">
      <Filter>Header Files</Filter>
    </ClInclude>
    <ClInclude Include="Core\Animation\AnimationData_Integer.h">
      <Filter>Header Files</Filter>
    </ClInclude>
    <ClInclude Include="Core\Animation\AnimationData_Vector.h">
      <Filter>Header Files</Filter>
    </ClInclude>
    <ClInclude Include="Core\Animation\AnimQueue.h">
      <Filter>Header Files</Filter>
    </ClInclude>
    <ClInclude Include="Core\Animation\SpriteAnim.h">
      <Filter>Header Files</Filter>
    </ClInclude>
    <ClInclude Include="Core\Effects\EzEffect.h">
      <Filter>Header Files</Filter>
    </ClInclude>
    <ClInclude Include="Core\Effects\EzEffectWad.h">
      <Filter>Header Files</Filter>
    </ClInclude>
    <ClInclude Include="Core\Graphics\Draw\Object\ObjectBox.h">
      <Filter>Header Files</Filter>
    </ClInclude>
    <ClInclude Include="Core\Graphics\Draw\Object\ObjectClass.h">
      <Filter>Header Files</Filter>
    </ClInclude>
    <ClInclude Include="Core\Graphics\Draw\Quads\BaseQuad.h">
      <Filter>Header Files</Filter>
    </ClInclude>
    <ClInclude Include="Core\Graphics\Draw\Quads\ObjectVector.h">
      <Filter>Header Files</Filter>
    </ClInclude>
    <ClInclude Include="Core\Graphics\Draw\Quads\PieceQuad.h">
      <Filter>Header Files</Filter>
    </ClInclude>
    <ClInclude Include="Core\Graphics\Draw\Quads\Quad.h">
      <Filter>Header Files</Filter>
    </ClInclude>
    <ClInclude Include="Core\Graphics\Draw\Quads\QuadClass.h">
      <Filter>Header Files</Filter>
    </ClInclude>
    <ClInclude Include="Core\Graphics\Draw\Simple\BasePoint.h">
      <Filter>Header Files</Filter>
    </ClInclude>
    <ClInclude Include="Core\Graphics\Draw\Simple\SimpleBox.h">
      <Filter>Header Files</Filter>
    </ClInclude>
    <ClInclude Include="Core\Graphics\Draw\Simple\SimpleObject.h">
      <Filter>Header Files</Filter>
    </ClInclude>
    <ClInclude Include="Core\Graphics\Draw\Simple\SimpleQuad.h">
      <Filter>Header Files</Filter>
    </ClInclude>
    <ClInclude Include="Core\Graphics\Draw\Simple\SimpleVector.h">
      <Filter>Header Files</Filter>
    </ClInclude>
    <ClInclude Include="Core\Graphics\Draw\DrawPile.h">
      <Filter>Header Files</Filter>
    </ClInclude>
    <ClInclude Include="Core\Graphics\MainRender.h">
      <Filter>Header Files</Filter>
    </ClInclude>
    <ClInclude Include="Core\Graphics\QuadDrawer.h">
      <Filter>Header Files</Filter>
    </ClInclude>
    <ClInclude Include="Core\Graphics\VertexFormat.h">
      <Filter>Header Files</Filter>
    </ClInclude>
    <ClInclude Include="Core\Input\ButtonCheck.h">
      <Filter>Header Files</Filter>
    </ClInclude>
    <ClInclude Include="Core\Lambdas\Lambda.h">
      <Filter>Header Files</Filter>
    </ClInclude>
    <ClInclude Include="Core\Lambdas\Lambda_1.h">
      <Filter>Header Files</Filter>
    </ClInclude>
    <ClInclude Include="Core\Lambdas\Lambda_2.h">
      <Filter>Header Files</Filter>
    </ClInclude>
    <ClInclude Include="Core\Lambdas\LambdaFunc.h">
      <Filter>Header Files</Filter>
    </ClInclude>
    <ClInclude Include="Core\Lambdas\LambdaFunc_1.h">
      <Filter>Header Files</Filter>
    </ClInclude>
    <ClInclude Include="Core\Lambdas\LambdaFunc_2.h">
      <Filter>Header Files</Filter>
    </ClInclude>
    <ClInclude Include="Core\Lambdas\Multicaster.h">
      <Filter>Header Files</Filter>
    </ClInclude>
    <ClInclude Include="Core\Lambdas\Multicaster_1.h">
      <Filter>Header Files</Filter>
    </ClInclude>
    <ClInclude Include="Core\Lambdas\Multicaster_2.h">
      <Filter>Header Files</Filter>
    </ClInclude>
    <ClInclude Include="Core\Particle Effects\Specific Effects\CloudberryKingdom.ParticleEffects.h">
      <Filter>Header Files</Filter>
    </ClInclude>
    <ClInclude Include="Core\Particle Effects\Particle.h">
      <Filter>Header Files</Filter>
    </ClInclude>
    <ClInclude Include="Core\Particle Effects\ParticleEmitter.h">
      <Filter>Header Files</Filter>
    </ClInclude>
    <ClInclude Include="Core\Song\EzSong.h">
      <Filter>Header Files</Filter>
    </ClInclude>
    <ClInclude Include="Core\Song\EzSongWad.h">
      <Filter>Header Files</Filter>
    </ClInclude>
    <ClInclude Include="Core\Sound\EzSound.h">
      <Filter>Header Files</Filter>
    </ClInclude>
    <ClInclude Include="Core\Sound\EzSoundWad.h">
      <Filter>Header Files</Filter>
    </ClInclude>
    <ClInclude Include="Core\Text\EzFont.h">
      <Filter>Header Files</Filter>
    </ClInclude>
    <ClInclude Include="Core\Text\EzText.h">
      <Filter>Header Files</Filter>
    </ClInclude>
    <ClInclude Include="Core\Texture\CloudberryKingdom.EzTextureWad.h">
      <Filter>Header Files</Filter>
    </ClInclude>
    <ClInclude Include="Core\Texture\CoreEngine.EzTextureWad.h">
      <Filter>Header Files</Filter>
    </ClInclude>
    <ClInclude Include="Core\Texture\EzTexture.h">
      <Filter>Header Files</Filter>
    </ClInclude>
    <ClInclude Include="Core\Texture\PackedTexture.h">
      <Filter>Header Files</Filter>
    </ClInclude>
    <ClInclude Include="Core\Texture\TextureOrAnim.h">
      <Filter>Header Files</Filter>
    </ClInclude>
    <ClInclude Include="Core\Tools\ColorHelper.h">
      <Filter>Header Files</Filter>
    </ClInclude>
    <ClInclude Include="Core\Tools\CoreMath.h">
      <Filter>Header Files</Filter>
    </ClInclude>
    <ClInclude Include="Core\Tools\Random.h">
      <Filter>Header Files</Filter>
    </ClInclude>
    <ClInclude Include="Core\Tools\Set.h">
      <Filter>Header Files</Filter>
    </ClInclude>
    <ClInclude Include="Core\Chunk.h">
      <Filter>Header Files</Filter>
    </ClInclude>
    <ClInclude Include="Core\FancyColor.h">
      <Filter>Header Files</Filter>
    </ClInclude>
    <ClInclude Include="Core\FancyVector2.h">
      <Filter>Header Files</Filter>
    </ClInclude>
    <ClInclude Include="Core\PhsxData.h">
      <Filter>Header Files</Filter>
    </ClInclude>
    <ClInclude Include="Core\ResolutionGroup.h">
      <Filter>Header Files</Filter>
    </ClInclude>
    <ClInclude Include="Core\Version.h">
      <Filter>Header Files</Filter>
    </ClInclude>
    <ClInclude Include="Core\WriteReadTools.h">
      <Filter>Header Files</Filter>
    </ClInclude>
    <ClInclude Include="MainClass\XboxPC\CloudberryKingdom.XnaGameClass.h">
      <Filter>Header Files</Filter>
    </ClInclude>
    <ClInclude Include="MainClass\XboxPC\MainClass.h">
      <Filter>Header Files</Filter>
    </ClInclude>
    <ClInclude Include="forward_declarations.h">
      <Filter>Header Files</Filter>
    </ClInclude>
    <ClInclude Include="enums.h">
      <Filter>Header Files</Filter>
    </ClInclude>
    <ClInclude Include="Game\Tilesets\TileSetInfo.h">
      <Filter>Header Files</Filter>
    </ClInclude>
    <ClInclude Include="Game\Objects\In Game Objects\Grab\MakeData.h">
      <Filter>Header Files</Filter>
    </ClInclude>
    <ClInclude Include="Game\Player\Buyable.h">
      <Filter>Header Files</Filter>
    </ClInclude>
    <ClInclude Include="Hacks\BinaryWriter.h">
      <Filter>Header Files</Filter>
    </ClInclude>
    <ClInclude Include="Hacks\BinaryReader.h">
      <Filter>Header Files</Filter>
    </ClInclude>
    <ClInclude Include="Hacks\String.h">
      <Filter>Header Files</Filter>
    </ClInclude>
    <ClInclude Include="Hacks\List.h">
      <Filter>Header Files</Filter>
    </ClInclude>
    <ClInclude Include="Game\Level\Level.h">
      <Filter>Header Files</Filter>
    </ClInclude>
    <ClInclude Include="Game\Level\Make\LockableBool.h">
      <Filter>Header Files</Filter>
    </ClInclude>
    <ClInclude Include="Game\Level\Make\LevelSeedData.h">
      <Filter>Header Files</Filter>
    </ClInclude>
    <ClInclude Include="Hacks\Parse.h">
      <Filter>Header Files</Filter>
    </ClInclude>
    <ClInclude Include="Hacks\Compare.h">
      <Filter>Header Files</Filter>
    </ClInclude>
    <ClInclude Include="Hacks\Queue.h">
      <Filter>Header Files</Filter>
    </ClInclude>
  </ItemGroup>
</Project>