<?xml version="1.0" encoding="utf-8"?>
<Project ToolsVersion="4.0" xmlns="http://schemas.microsoft.com/developer/msbuild/2003">
  <ItemGroup>
    <Filter Include="Source Files">
      <UniqueIdentifier>{4FC737F1-C7A5-4376-A066-2A32D752A2FF}</UniqueIdentifier>
      <Extensions>cpp;c;cxx;cc;s;asm</Extensions>
    </Filter>
    <Filter Include="Header Files">
      <UniqueIdentifier>{93995380-89BD-4b04-88EB-625FBE52EBFB}</UniqueIdentifier>
      <Extensions>h;hpp</Extensions>
    </Filter>
    <Filter Include="Game">
      <UniqueIdentifier>{fb978d57-9a5d-4e30-bf52-ab917c0ba9e9}</UniqueIdentifier>
    </Filter>
  </ItemGroup>
  <ItemGroup>
    <ClCompile Include="PS3Main.cpp">
      <Filter>Source Files</Filter>
    </ClCompile>
    <ClCompile Include="Core\src\Architecture\SchedulerPc.cpp">
      <Filter>Source Files</Filter>
    </ClCompile>
    <ClCompile Include="Core\src\Content\File.cpp">
      <Filter>Source Files</Filter>
    </ClCompile>
    <ClCompile Include="Core\src\Content\Filesystem.cpp">
      <Filter>Source Files</Filter>
    </ClCompile>
    <ClCompile Include="Core\src\Content\FilesystemPc.cpp">
      <Filter>Source Files</Filter>
    </ClCompile>
    <ClCompile Include="Core\src\Content\Font.cpp">
      <Filter>Source Files</Filter>
    </ClCompile>
    <ClCompile Include="Core\src\Content\TexturePc.cpp">
      <Filter>Source Files</Filter>
    </ClCompile>
    <ClCompile Include="Core\src\Content\Wad.cpp">
      <Filter>Source Files</Filter>
    </ClCompile>
    <ClCompile Include="Core\src\Graphics\Color.cpp">
      <Filter>Source Files</Filter>
    </ClCompile>
    <ClCompile Include="Core\src\Graphics\EffectParameterPc.cpp">
      <Filter>Source Files</Filter>
    </ClCompile>
    <ClCompile Include="Core\src\Graphics\EffectPass.cpp">
      <Filter>Source Files</Filter>
    </ClCompile>
    <ClCompile Include="Core\src\Graphics\EffectPc.cpp">
      <Filter>Source Files</Filter>
    </ClCompile>
    <ClCompile Include="Core\src\Graphics\QuadDrawerPc.cpp">
      <Filter>Source Files</Filter>
    </ClCompile>
    <ClCompile Include="Core\src\Graphics\TextDrawer.cpp">
      <Filter>Source Files</Filter>
    </ClCompile>
    <ClCompile Include="Core\src\Input\GamePadPc.cpp">
      <Filter>Source Files</Filter>
    </ClCompile>
    <ClCompile Include="Core\src\Input\Input.cpp">
      <Filter>Source Files</Filter>
    </ClCompile>
    <ClCompile Include="Core\src\Input\InputPc.cpp">
      <Filter>Source Files</Filter>
    </ClCompile>
    <ClCompile Include="Core\src\Input\Keyboard.cpp">
      <Filter>Source Files</Filter>
    </ClCompile>
    <ClCompile Include="Core\src\Input\Mouse.cpp">
      <Filter>Source Files</Filter>
    </ClCompile>
    <ClCompile Include="Core\src\Utility\Log.cpp">
      <Filter>Source Files</Filter>
    </ClCompile>
    <ClCompile Include="Core\src\Utility\MutexPc.cpp">
      <Filter>Source Files</Filter>
    </ClCompile>
    <ClCompile Include="Core\src\Core.cpp">
      <Filter>Source Files</Filter>
    </ClCompile>
    <ClCompile Include="Core\src\CorePc.cpp">
      <Filter>Source Files</Filter>
    </ClCompile>
  </ItemGroup>
  <ItemGroup>
    <ClInclude Include="Core\include\Architecture\Job.h">
      <Filter>Header Files</Filter>
    </ClInclude>
    <ClInclude Include="Core\include\Architecture\Scheduler.h">
      <Filter>Header Files</Filter>
    </ClInclude>
    <ClInclude Include="Core\include\Architecture\SchedulerPc.h">
      <Filter>Header Files</Filter>
    </ClInclude>
    <ClInclude Include="Core\include\Architecture\Singleton.h">
      <Filter>Header Files</Filter>
    </ClInclude>
    <ClInclude Include="Core\include\Audio\AudioEnums.h">
      <Filter>Header Files</Filter>
    </ClInclude>
    <ClInclude Include="Core\include\Audio\MediaPlayer.h">
      <Filter>Header Files</Filter>
    </ClInclude>
    <ClInclude Include="Core\include\Audio\Song.h">
      <Filter>Header Files</Filter>
    </ClInclude>
    <ClInclude Include="Core\include\Audio\SoundEffect.h">
      <Filter>Header Files</Filter>
    </ClInclude>
    <ClInclude Include="Core\include\Content\File.h">
      <Filter>Header Files</Filter>
    </ClInclude>
    <ClInclude Include="Core\include\Content\Filesystem.h">
      <Filter>Header Files</Filter>
    </ClInclude>
    <ClInclude Include="Core\include\Content\FilesystemPc.h">
      <Filter>Header Files</Filter>
    </ClInclude>
    <ClInclude Include="Core\include\Content\Font.h">
      <Filter>Header Files</Filter>
    </ClInclude>
    <ClInclude Include="Core\include\Content\Resource.h">
      <Filter>Header Files</Filter>
    </ClInclude>
    <ClInclude Include="Core\include\Content\ResourcePtr.h">
      <Filter>Header Files</Filter>
    </ClInclude>
    <ClInclude Include="Core\include\Content\Sound.h">
      <Filter>Header Files</Filter>
    </ClInclude>
    <ClInclude Include="Core\include\Content\Texture.h">
      <Filter>Header Files</Filter>
    </ClInclude>
    <ClInclude Include="Core\include\Content\TexturePc.h">
      <Filter>Header Files</Filter>
    </ClInclude>
    <ClInclude Include="Core\include\Content\Wad.h">
      <Filter>Header Files</Filter>
    </ClInclude>
    <ClInclude Include="Core\include\Datastructures\Freelist.h">
      <Filter>Header Files</Filter>
    </ClInclude>
    <ClInclude Include="Core\include\Graphics\Color.h">
      <Filter>Header Files</Filter>
    </ClInclude>
    <ClInclude Include="Core\include\Graphics\Effect.h">
      <Filter>Header Files</Filter>
    </ClInclude>
    <ClInclude Include="Core\include\Graphics\EffectParameter.h">
      <Filter>Header Files</Filter>
    </ClInclude>
    <ClInclude Include="Core\include\Graphics\EffectPass.h">
      <Filter>Header Files</Filter>
    </ClInclude>
    <ClInclude Include="Core\include\Graphics\EffectTechnique.h">
      <Filter>Header Files</Filter>
    </ClInclude>
    <ClInclude Include="Core\include\Graphics\QuadDrawer.h">
      <Filter>Header Files</Filter>
    </ClInclude>
    <ClInclude Include="Core\include\Graphics\QuadDrawerPc.h">
      <Filter>Header Files</Filter>
    </ClInclude>
    <ClInclude Include="Core\include\Graphics\TextDrawer.h">
      <Filter>Header Files</Filter>
    </ClInclude>
    <ClInclude Include="Core\include\Graphics\Types.h">
      <Filter>Header Files</Filter>
    </ClInclude>
    <ClInclude Include="Core\include\Input\GamePad.h">
      <Filter>Header Files</Filter>
    </ClInclude>
    <ClInclude Include="Core\include\Input\GamePadButtons.h">
      <Filter>Header Files</Filter>
    </ClInclude>
    <ClInclude Include="Core\include\Input\GamePadDPad.h">
      <Filter>Header Files</Filter>
    </ClInclude>
    <ClInclude Include="Core\include\Input\GamePadState.h">
      <Filter>Header Files</Filter>
    </ClInclude>
    <ClInclude Include="Core\include\Input\GamePadThumbSticks.h">
      <Filter>Header Files</Filter>
    </ClInclude>
    <ClInclude Include="Core\include\Input\GamePadTriggers.h">
      <Filter>Header Files</Filter>
    </ClInclude>
    <ClInclude Include="Core\include\Input\Input.h">
      <Filter>Header Files</Filter>
    </ClInclude>
    <ClInclude Include="Core\include\Input\InputEnums.h">
      <Filter>Header Files</Filter>
    </ClInclude>
    <ClInclude Include="Core\include\Input\InputPc.h">
      <Filter>Header Files</Filter>
    </ClInclude>
    <ClInclude Include="Core\include\Input\Keyboard.h">
      <Filter>Header Files</Filter>
    </ClInclude>
    <ClInclude Include="Core\include\Input\KeyboardState.h">
      <Filter>Header Files</Filter>
    </ClInclude>
    <ClInclude Include="Core\include\Input\Mouse.h">
      <Filter>Header Files</Filter>
    </ClInclude>
    <ClInclude Include="Core\include\Input\MouseState.h">
      <Filter>Header Files</Filter>
    </ClInclude>
    <ClInclude Include="Core\include\Math\Vectors.h">
      <Filter>Header Files</Filter>
    </ClInclude>
    <ClInclude Include="Core\include\Utility\Limits.h">
      <Filter>Header Files</Filter>
    </ClInclude>
    <ClInclude Include="Core\include\Utility\Log.h">
      <Filter>Header Files</Filter>
    </ClInclude>
    <ClInclude Include="Core\include\Utility\Mutex.h">
      <Filter>Header Files</Filter>
    </ClInclude>
    <ClInclude Include="Core\include\Core.h">
      <Filter>Header Files</Filter>
    </ClInclude>
    <ClInclude Include="Core\include\CorePc.h">
      <Filter>Header Files</Filter>
    </ClInclude>
    <ClInclude Include="Core\include\ForwardDeclarations.h">
      <Filter>Header Files</Filter>
    </ClInclude>
    <ClInclude Include="Core\include\GameLoop.h">
      <Filter>Header Files</Filter>
    </ClInclude>
    <ClInclude Include="Core\src\Graphics\EffectInternalPc.h">
      <Filter>Header Files</Filter>
    </ClInclude>
  </ItemGroup>
</Project>